// !$*UTF8*$!
{
	archiveVersion = 1;
	classes = {
	};
	objectVersion = 55;
	objects = {

/* Begin PBXBuildFile section */
		4F8A152D3B3CBE05A2BEF0DD /* Pods_XYDevTool.framework in Frameworks */ = {isa = PBXBuildFile; fileRef = 392AAC5048AEA8AA9E51833E /* Pods_XYDevTool.framework */; };
		B454C78A2837DF30008F07B7 /* UpgradeUtils.swift in Sources */ = {isa = PBXBuildFile; fileRef = B454C7892837DF30008F07B7 /* UpgradeUtils.swift */; };
		B471DB92282BAB1F002146A1 /* NetModels.swift in Sources */ = {isa = PBXBuildFile; fileRef = B471DB91282BAB1F002146A1 /* NetModels.swift */; };
		B471DB94282BE39E002146A1 /* XYAlert.swift in Sources */ = {isa = PBXBuildFile; fileRef = B471DB93282BE39E002146A1 /* XYAlert.swift */; };
		B471DB96282BE3BE002146A1 /* XYAlert.xib in Resources */ = {isa = PBXBuildFile; fileRef = B471DB95282BE3BE002146A1 /* XYAlert.xib */; };
		B48BC720281D074E0093D91F /* AppDelegate.swift in Sources */ = {isa = PBXBuildFile; fileRef = B48BC71F281D074E0093D91F /* AppDelegate.swift */; };
		B48BC722281D074E0093D91F /* ViewController.swift in Sources */ = {isa = PBXBuildFile; fileRef = B48BC721281D074E0093D91F /* ViewController.swift */; };
		B48BC724281D07500093D91F /* Assets.xcassets in Resources */ = {isa = PBXBuildFile; fileRef = B48BC723281D07500093D91F /* Assets.xcassets */; };
		B48BC727281D07500093D91F /* Main.storyboard in Resources */ = {isa = PBXBuildFile; fileRef = B48BC725281D07500093D91F /* Main.storyboard */; };
		B48BC72F281D09790093D91F /* Json2ModelVC.swift in Sources */ = {isa = PBXBuildFile; fileRef = B48BC72E281D09790093D91F /* Json2ModelVC.swift */; };
		B4933E1D28242FF400E7845E /* JsonFormatterVC.swift in Sources */ = {isa = PBXBuildFile; fileRef = B4933E1B28242FF400E7845E /* JsonFormatterVC.swift */; };
		B4933E20282433EC00E7845E /* JSONFormatter.storyboard in Resources */ = {isa = PBXBuildFile; fileRef = B4933E1F282433EC00E7845E /* JSONFormatter.storyboard */; };
		B4A3AD5E28214876001FD2B3 /* XYDevFunctions.swift in Sources */ = {isa = PBXBuildFile; fileRef = B4A3AD5C28214876001FD2B3 /* XYDevFunctions.swift */; };
		B4A3AD9C28217171001FD2B3 /* ios_icon.sh in Resources */ = {isa = PBXBuildFile; fileRef = B4A3AD9B28217171001FD2B3 /* ios_icon.sh */; };
		B4A3AD9F282172DC001FD2B3 /* Contents.json in Resources */ = {isa = PBXBuildFile; fileRef = B4A3AD9E282172DC001FD2B3 /* Contents.json */; };
		B4A3ADAB28217342001FD2B3 /* Model.swift in Sources */ = {isa = PBXBuildFile; fileRef = B4A3ADA228217342001FD2B3 /* Model.swift */; };
		B4A3ADAC28217342001FD2B3 /* KeyedDecodingContainer.swift in Sources */ = {isa = PBXBuildFile; fileRef = B4A3ADA428217342001FD2B3 /* KeyedDecodingContainer.swift */; };
		B4A3ADAD28217342001FD2B3 /* Model+Decodable.swift in Sources */ = {isa = PBXBuildFile; fileRef = B4A3ADA528217342001FD2B3 /* Model+Decodable.swift */; };
		B4A3ADAE28217342001FD2B3 /* JSONDecoder.swift in Sources */ = {isa = PBXBuildFile; fileRef = B4A3ADA628217342001FD2B3 /* JSONDecoder.swift */; };
		B4A3ADAF28217342001FD2B3 /* Box.swift in Sources */ = {isa = PBXBuildFile; fileRef = B4A3ADA728217342001FD2B3 /* Box.swift */; };
		B4A3ADB028217342001FD2B3 /* AnyCodingKey.swift in Sources */ = {isa = PBXBuildFile; fileRef = B4A3ADA828217342001FD2B3 /* AnyCodingKey.swift */; };
		B4A3ADB128217342001FD2B3 /* DefaultValue.swift in Sources */ = {isa = PBXBuildFile; fileRef = B4A3ADA928217342001FD2B3 /* DefaultValue.swift */; };
		B4A3ADB228217342001FD2B3 /* Transform.swift in Sources */ = {isa = PBXBuildFile; fileRef = B4A3ADAA28217342001FD2B3 /* Transform.swift */; };
		B4A3B067281D66CB00C34DD8 /* json2model.js in Resources */ = {isa = PBXBuildFile; fileRef = B4A3B066281D66CB00C34DD8 /* json2model.js */; };
		B4A3B069281E682E00C34DD8 /* CreateMacIcons.swift in Sources */ = {isa = PBXBuildFile; fileRef = B4A3B068281E682E00C34DD8 /* CreateMacIcons.swift */; };
		B4A3B06D281EC26500C34DD8 /* script.sh in Resources */ = {isa = PBXBuildFile; fileRef = B4A3B06B281EC26500C34DD8 /* script.sh */; };
		B4A3B06E281EC26500C34DD8 /* script.pl in Resources */ = {isa = PBXBuildFile; fileRef = B4A3B06C281EC26500C34DD8 /* script.pl */; };
		B4A3B070281EC5D000C34DD8 /* mac_icon.sh in Resources */ = {isa = PBXBuildFile; fileRef = B4A3B06F281EC5D000C34DD8 /* mac_icon.sh */; };
		B4A3B074281EC72600C34DD8 /* STPrivilegedTask.m in Sources */ = {isa = PBXBuildFile; fileRef = B4A3B073281EC72600C34DD8 /* STPrivilegedTask.m */; };
		B4DB4BA1283936AC00AF654D /* UpgradeViewController.swift in Sources */ = {isa = PBXBuildFile; fileRef = B4DB4B9F283936AC00AF654D /* UpgradeViewController.swift */; };
		B4DB4BA2283936AC00AF654D /* UpgradeViewController.xib in Resources */ = {isa = PBXBuildFile; fileRef = B4DB4BA0283936AC00AF654D /* UpgradeViewController.xib */; };
		B4F61DBF282A3E18006FAC35 /* JSON2Model.storyboard in Resources */ = {isa = PBXBuildFile; fileRef = B4F61DBE282A3E18006FAC35 /* JSON2Model.storyboard */; };
		B4F61DC1282A9B78006FAC35 /* CreateMacIcons.storyboard in Resources */ = {isa = PBXBuildFile; fileRef = B4F61DC0282A9B78006FAC35 /* CreateMacIcons.storyboard */; };
		B4F61DC4282AA276006FAC35 /* Network.storyboard in Resources */ = {isa = PBXBuildFile; fileRef = B4F61DC3282AA276006FAC35 /* Network.storyboard */; };
		B4F61DC6282AA297006FAC35 /* NetRequestVC.swift in Sources */ = {isa = PBXBuildFile; fileRef = B4F61DC5282AA297006FAC35 /* NetRequestVC.swift */; };
		B4F61DC8282ABCAD006FAC35 /* XYNetTool.swift in Sources */ = {isa = PBXBuildFile; fileRef = B4F61DC7282ABCAD006FAC35 /* XYNetTool.swift */; };
/* End PBXBuildFile section */

/* Begin PBXFileReference section */
		392AAC5048AEA8AA9E51833E /* Pods_XYDevTool.framework */ = {isa = PBXFileReference; explicitFileType = wrapper.framework; includeInIndex = 0; path = Pods_XYDevTool.framework; sourceTree = BUILT_PRODUCTS_DIR; };
		975D17A7F6E8691978F8836B /* Pods-XYDevTool.release.xcconfig */ = {isa = PBXFileReference; includeInIndex = 1; lastKnownFileType = text.xcconfig; name = "Pods-XYDevTool.release.xcconfig"; path = "Target Support Files/Pods-XYDevTool/Pods-XYDevTool.release.xcconfig"; sourceTree = "<group>"; };
		B454C7892837DF30008F07B7 /* UpgradeUtils.swift */ = {isa = PBXFileReference; lastKnownFileType = sourcecode.swift; path = UpgradeUtils.swift; sourceTree = "<group>"; };
		B471DB91282BAB1F002146A1 /* NetModels.swift */ = {isa = PBXFileReference; lastKnownFileType = sourcecode.swift; path = NetModels.swift; sourceTree = "<group>"; };
		B471DB93282BE39E002146A1 /* XYAlert.swift */ = {isa = PBXFileReference; lastKnownFileType = sourcecode.swift; path = XYAlert.swift; sourceTree = "<group>"; };
		B471DB95282BE3BE002146A1 /* XYAlert.xib */ = {isa = PBXFileReference; lastKnownFileType = file.xib; path = XYAlert.xib; sourceTree = "<group>"; };
		B48BC71C281D074E0093D91F /* XYDevTool.app */ = {isa = PBXFileReference; explicitFileType = wrapper.application; includeInIndex = 0; path = XYDevTool.app; sourceTree = BUILT_PRODUCTS_DIR; };
		B48BC71F281D074E0093D91F /* AppDelegate.swift */ = {isa = PBXFileReference; lastKnownFileType = sourcecode.swift; path = AppDelegate.swift; sourceTree = "<group>"; };
		B48BC721281D074E0093D91F /* ViewController.swift */ = {isa = PBXFileReference; lastKnownFileType = sourcecode.swift; path = ViewController.swift; sourceTree = "<group>"; };
		B48BC723281D07500093D91F /* Assets.xcassets */ = {isa = PBXFileReference; lastKnownFileType = folder.assetcatalog; path = Assets.xcassets; sourceTree = "<group>"; };
		B48BC726281D07500093D91F /* Base */ = {isa = PBXFileReference; lastKnownFileType = file.storyboard; name = Base; path = Base.lproj/Main.storyboard; sourceTree = "<group>"; };
		B48BC728281D07500093D91F /* XYDevTool.entitlements */ = {isa = PBXFileReference; lastKnownFileType = text.plist.entitlements; path = XYDevTool.entitlements; sourceTree = "<group>"; };
		B48BC72E281D09790093D91F /* Json2ModelVC.swift */ = {isa = PBXFileReference; lastKnownFileType = sourcecode.swift; path = Json2ModelVC.swift; sourceTree = "<group>"; };
		B4933E1B28242FF400E7845E /* JsonFormatterVC.swift */ = {isa = PBXFileReference; lastKnownFileType = sourcecode.swift; path = JsonFormatterVC.swift; sourceTree = "<group>"; };
		B4933E1F282433EC00E7845E /* JSONFormatter.storyboard */ = {isa = PBXFileReference; lastKnownFileType = file.storyboard; path = JSONFormatter.storyboard; sourceTree = "<group>"; };
		B4A3AD5C28214876001FD2B3 /* XYDevFunctions.swift */ = {isa = PBXFileReference; lastKnownFileType = sourcecode.swift; path = XYDevFunctions.swift; sourceTree = "<group>"; };
		B4A3AD9B28217171001FD2B3 /* ios_icon.sh */ = {isa = PBXFileReference; fileEncoding = 4; lastKnownFileType = text.script.sh; path = ios_icon.sh; sourceTree = "<group>"; };
		B4A3AD9E282172DC001FD2B3 /* Contents.json */ = {isa = PBXFileReference; fileEncoding = 4; lastKnownFileType = text.json; path = Contents.json; sourceTree = "<group>"; };
		B4A3ADA228217342001FD2B3 /* Model.swift */ = {isa = PBXFileReference; fileEncoding = 4; lastKnownFileType = sourcecode.swift; path = Model.swift; sourceTree = "<group>"; };
		B4A3ADA428217342001FD2B3 /* KeyedDecodingContainer.swift */ = {isa = PBXFileReference; fileEncoding = 4; lastKnownFileType = sourcecode.swift; path = KeyedDecodingContainer.swift; sourceTree = "<group>"; };
		B4A3ADA528217342001FD2B3 /* Model+Decodable.swift */ = {isa = PBXFileReference; fileEncoding = 4; lastKnownFileType = sourcecode.swift; path = "Model+Decodable.swift"; sourceTree = "<group>"; };
		B4A3ADA628217342001FD2B3 /* JSONDecoder.swift */ = {isa = PBXFileReference; fileEncoding = 4; lastKnownFileType = sourcecode.swift; path = JSONDecoder.swift; sourceTree = "<group>"; };
		B4A3ADA728217342001FD2B3 /* Box.swift */ = {isa = PBXFileReference; fileEncoding = 4; lastKnownFileType = sourcecode.swift; path = Box.swift; sourceTree = "<group>"; };
		B4A3ADA828217342001FD2B3 /* AnyCodingKey.swift */ = {isa = PBXFileReference; fileEncoding = 4; lastKnownFileType = sourcecode.swift; path = AnyCodingKey.swift; sourceTree = "<group>"; };
		B4A3ADA928217342001FD2B3 /* DefaultValue.swift */ = {isa = PBXFileReference; fileEncoding = 4; lastKnownFileType = sourcecode.swift; path = DefaultValue.swift; sourceTree = "<group>"; };
		B4A3ADAA28217342001FD2B3 /* Transform.swift */ = {isa = PBXFileReference; fileEncoding = 4; lastKnownFileType = sourcecode.swift; path = Transform.swift; sourceTree = "<group>"; };
		B4A3B066281D66CB00C34DD8 /* json2model.js */ = {isa = PBXFileReference; fileEncoding = 4; lastKnownFileType = sourcecode.javascript; path = json2model.js; sourceTree = "<group>"; };
		B4A3B068281E682E00C34DD8 /* CreateMacIcons.swift */ = {isa = PBXFileReference; lastKnownFileType = sourcecode.swift; path = CreateMacIcons.swift; sourceTree = "<group>"; };
		B4A3B06B281EC26500C34DD8 /* script.sh */ = {isa = PBXFileReference; fileEncoding = 4; lastKnownFileType = text.script.sh; path = script.sh; sourceTree = "<group>"; };
		B4A3B06C281EC26500C34DD8 /* script.pl */ = {isa = PBXFileReference; fileEncoding = 4; lastKnownFileType = text.script.perl; path = script.pl; sourceTree = "<group>"; };
		B4A3B06F281EC5D000C34DD8 /* mac_icon.sh */ = {isa = PBXFileReference; fileEncoding = 4; lastKnownFileType = text.script.sh; path = mac_icon.sh; sourceTree = "<group>"; };
		B4A3B072281EC72600C34DD8 /* STPrivilegedTask.h */ = {isa = PBXFileReference; fileEncoding = 4; lastKnownFileType = sourcecode.c.h; path = STPrivilegedTask.h; sourceTree = "<group>"; };
		B4A3B073281EC72600C34DD8 /* STPrivilegedTask.m */ = {isa = PBXFileReference; fileEncoding = 4; lastKnownFileType = sourcecode.c.objc; path = STPrivilegedTask.m; sourceTree = "<group>"; };
		B4A3B07A281EC7E300C34DD8 /* XYDevTool-Bridging-Header.h */ = {isa = PBXFileReference; lastKnownFileType = sourcecode.c.h; path = "XYDevTool-Bridging-Header.h"; sourceTree = "<group>"; };
		B4DB4B9F283936AC00AF654D /* UpgradeViewController.swift */ = {isa = PBXFileReference; lastKnownFileType = sourcecode.swift; path = UpgradeViewController.swift; sourceTree = "<group>"; };
		B4DB4BA0283936AC00AF654D /* UpgradeViewController.xib */ = {isa = PBXFileReference; lastKnownFileType = file.xib; path = UpgradeViewController.xib; sourceTree = "<group>"; };
		B4F61DBE282A3E18006FAC35 /* JSON2Model.storyboard */ = {isa = PBXFileReference; lastKnownFileType = file.storyboard; path = JSON2Model.storyboard; sourceTree = "<group>"; };
		B4F61DC0282A9B78006FAC35 /* CreateMacIcons.storyboard */ = {isa = PBXFileReference; lastKnownFileType = file.storyboard; path = CreateMacIcons.storyboard; sourceTree = "<group>"; };
		B4F61DC3282AA276006FAC35 /* Network.storyboard */ = {isa = PBXFileReference; lastKnownFileType = file.storyboard; path = Network.storyboard; sourceTree = "<group>"; };
		B4F61DC5282AA297006FAC35 /* NetRequestVC.swift */ = {isa = PBXFileReference; lastKnownFileType = sourcecode.swift; path = NetRequestVC.swift; sourceTree = "<group>"; };
		B4F61DC7282ABCAD006FAC35 /* XYNetTool.swift */ = {isa = PBXFileReference; fileEncoding = 4; lastKnownFileType = sourcecode.swift; path = XYNetTool.swift; sourceTree = "<group>"; };
		B4F61DC9282AC4CD006FAC35 /* Info.plist */ = {isa = PBXFileReference; lastKnownFileType = text.plist; path = Info.plist; sourceTree = "<group>"; };
		CA6AF161DDDF8C3A49BF6B5E /* Pods-XYDevTool.debug.xcconfig */ = {isa = PBXFileReference; includeInIndex = 1; lastKnownFileType = text.xcconfig; name = "Pods-XYDevTool.debug.xcconfig"; path = "Target Support Files/Pods-XYDevTool/Pods-XYDevTool.debug.xcconfig"; sourceTree = "<group>"; };
/* End PBXFileReference section */

/* Begin PBXFrameworksBuildPhase section */
		B48BC719281D074E0093D91F /* Frameworks */ = {
			isa = PBXFrameworksBuildPhase;
			buildActionMask = 2147483647;
			files = (
				4F8A152D3B3CBE05A2BEF0DD /* Pods_XYDevTool.framework in Frameworks */,
			);
			runOnlyForDeploymentPostprocessing = 0;
		};
/* End PBXFrameworksBuildPhase section */

/* Begin PBXGroup section */
		25E23B6A795AEC2B3775538B /* Pods */ = {
			isa = PBXGroup;
			children = (
				CA6AF161DDDF8C3A49BF6B5E /* Pods-XYDevTool.debug.xcconfig */,
				975D17A7F6E8691978F8836B /* Pods-XYDevTool.release.xcconfig */,
			);
			path = Pods;
			sourceTree = "<group>";
		};
		8EF0CD2C281666977082943C /* Frameworks */ = {
			isa = PBXGroup;
			children = (
				392AAC5048AEA8AA9E51833E /* Pods_XYDevTool.framework */,
			);
			name = Frameworks;
			sourceTree = "<group>";
		};
		B454C7882837DF04008F07B7 /* Upgrage */ = {
			isa = PBXGroup;
			children = (
				B454C7892837DF30008F07B7 /* UpgradeUtils.swift */,
				B4DB4B9F283936AC00AF654D /* UpgradeViewController.swift */,
				B4DB4BA0283936AC00AF654D /* UpgradeViewController.xib */,
			);
			path = Upgrage;
			sourceTree = "<group>";
		};
		B48BC713281D074E0093D91F = {
			isa = PBXGroup;
			children = (
				B48BC71E281D074E0093D91F /* XYDevTool */,
				B48BC71D281D074E0093D91F /* Products */,
				25E23B6A795AEC2B3775538B /* Pods */,
				8EF0CD2C281666977082943C /* Frameworks */,
			);
			sourceTree = "<group>";
		};
		B48BC71D281D074E0093D91F /* Products */ = {
			isa = PBXGroup;
			children = (
				B48BC71C281D074E0093D91F /* XYDevTool.app */,
			);
			name = Products;
			sourceTree = "<group>";
		};
		B48BC71E281D074E0093D91F /* XYDevTool */ = {
			isa = PBXGroup;
			children = (
				B4F61DC9282AC4CD006FAC35 /* Info.plist */,
				B4F61DBB282A3C46006FAC35 /* Resource */,
				B4A3ADA028217310001FD2B3 /* Third */,
				B4F61DBA282A3C27006FAC35 /* FEATURES */,
				B48BC71F281D074E0093D91F /* AppDelegate.swift */,
				B48BC721281D074E0093D91F /* ViewController.swift */,
				B4A3AD5C28214876001FD2B3 /* XYDevFunctions.swift */,
				B471DB93282BE39E002146A1 /* XYAlert.swift */,
				B471DB95282BE3BE002146A1 /* XYAlert.xib */,
				B4A3B07A281EC7E300C34DD8 /* XYDevTool-Bridging-Header.h */,
				B48BC723281D07500093D91F /* Assets.xcassets */,
				B48BC725281D07500093D91F /* Main.storyboard */,
				B48BC728281D07500093D91F /* XYDevTool.entitlements */,
			);
			path = XYDevTool;
			sourceTree = "<group>";
		};
		B4A3AD9D28217247001FD2B3 /* json */ = {
			isa = PBXGroup;
			children = (
				B4A3AD9E282172DC001FD2B3 /* Contents.json */,
			);
			path = json;
			sourceTree = "<group>";
		};
		B4A3ADA028217310001FD2B3 /* Third */ = {
			isa = PBXGroup;
			children = (
				B4A3ADA128217342001FD2B3 /* Modelable */,
				B4A3B071281EC72600C34DD8 /* PrivilegedTask */,
			);
			path = Third;
			sourceTree = "<group>";
		};
		B4A3ADA128217342001FD2B3 /* Modelable */ = {
			isa = PBXGroup;
			children = (
				B4A3ADA228217342001FD2B3 /* Model.swift */,
				B4A3ADA328217342001FD2B3 /* Decoder */,
				B4A3ADA928217342001FD2B3 /* DefaultValue.swift */,
				B4A3ADAA28217342001FD2B3 /* Transform.swift */,
			);
			path = Modelable;
			sourceTree = "<group>";
		};
		B4A3ADA328217342001FD2B3 /* Decoder */ = {
			isa = PBXGroup;
			children = (
				B4A3ADA428217342001FD2B3 /* KeyedDecodingContainer.swift */,
				B4A3ADA528217342001FD2B3 /* Model+Decodable.swift */,
				B4A3ADA628217342001FD2B3 /* JSONDecoder.swift */,
				B4A3ADA728217342001FD2B3 /* Box.swift */,
				B4A3ADA828217342001FD2B3 /* AnyCodingKey.swift */,
			);
			path = Decoder;
			sourceTree = "<group>";
		};
		B4A3B065281D66CB00C34DD8 /* js */ = {
			isa = PBXGroup;
			children = (
				B4A3B066281D66CB00C34DD8 /* json2model.js */,
			);
			path = js;
			sourceTree = "<group>";
		};
		B4A3B06A281EC16C00C34DD8 /* sh */ = {
			isa = PBXGroup;
			children = (
				B4A3AD9B28217171001FD2B3 /* ios_icon.sh */,
				B4A3B06F281EC5D000C34DD8 /* mac_icon.sh */,
				B4A3B06C281EC26500C34DD8 /* script.pl */,
				B4A3B06B281EC26500C34DD8 /* script.sh */,
			);
			path = sh;
			sourceTree = "<group>";
		};
		B4A3B071281EC72600C34DD8 /* PrivilegedTask */ = {
			isa = PBXGroup;
			children = (
				B4A3B072281EC72600C34DD8 /* STPrivilegedTask.h */,
				B4A3B073281EC72600C34DD8 /* STPrivilegedTask.m */,
			);
			path = PrivilegedTask;
			sourceTree = "<group>";
		};
		B4F61DB9282A3C08006FAC35 /* JSONFormatter */ = {
			isa = PBXGroup;
			children = (
				B4933E1F282433EC00E7845E /* JSONFormatter.storyboard */,
				B4933E1B28242FF400E7845E /* JsonFormatterVC.swift */,
			);
			path = JSONFormatter;
			sourceTree = "<group>";
		};
		B4F61DBA282A3C27006FAC35 /* FEATURES */ = {
			isa = PBXGroup;
			children = (
				B454C7882837DF04008F07B7 /* Upgrage */,
				B4F61DC2282AA189006FAC35 /* Network */,
				B4F61DBD282A3DA7006FAC35 /* CreateIcons */,
				B4F61DBC282A3D73006FAC35 /* JSON2Model */,
				B4F61DB9282A3C08006FAC35 /* JSONFormatter */,
			);
			path = FEATURES;
			sourceTree = "<group>";
		};
		B4F61DBB282A3C46006FAC35 /* Resource */ = {
			isa = PBXGroup;
			children = (
				B4A3AD9D28217247001FD2B3 /* json */,
				B4A3B06A281EC16C00C34DD8 /* sh */,
				B4A3B065281D66CB00C34DD8 /* js */,
			);
			path = Resource;
			sourceTree = "<group>";
		};
		B4F61DBC282A3D73006FAC35 /* JSON2Model */ = {
			isa = PBXGroup;
			children = (
				B48BC72E281D09790093D91F /* Json2ModelVC.swift */,
				B4F61DBE282A3E18006FAC35 /* JSON2Model.storyboard */,
			);
			path = JSON2Model;
			sourceTree = "<group>";
		};
		B4F61DBD282A3DA7006FAC35 /* CreateIcons */ = {
			isa = PBXGroup;
			children = (
				B4A3B068281E682E00C34DD8 /* CreateMacIcons.swift */,
				B4F61DC0282A9B78006FAC35 /* CreateMacIcons.storyboard */,
			);
			path = CreateIcons;
			sourceTree = "<group>";
		};
		B4F61DC2282AA189006FAC35 /* Network */ = {
			isa = PBXGroup;
			children = (
				B4F61DC7282ABCAD006FAC35 /* XYNetTool.swift */,
				B4F61DC3282AA276006FAC35 /* Network.storyboard */,
				B4F61DC5282AA297006FAC35 /* NetRequestVC.swift */,
				B471DB91282BAB1F002146A1 /* NetModels.swift */,
			);
			path = Network;
			sourceTree = "<group>";
		};
/* End PBXGroup section */

/* Begin PBXNativeTarget section */
		B48BC71B281D074E0093D91F /* XYDevTool */ = {
			isa = PBXNativeTarget;
			buildConfigurationList = B48BC72B281D07500093D91F /* Build configuration list for PBXNativeTarget "XYDevTool" */;
			buildPhases = (
				16BB273E102EBD9CD5E8DB02 /* [CP] Check Pods Manifest.lock */,
				B48BC718281D074E0093D91F /* Sources */,
				B48BC719281D074E0093D91F /* Frameworks */,
				B48BC71A281D074E0093D91F /* Resources */,
				EA22FFCEF0C59AB59F07D8EF /* [CP] Embed Pods Frameworks */,
			);
			buildRules = (
			);
			dependencies = (
			);
			name = XYDevTool;
			productName = XYDevTool;
			productReference = B48BC71C281D074E0093D91F /* XYDevTool.app */;
			productType = "com.apple.product-type.application";
		};
/* End PBXNativeTarget section */

/* Begin PBXProject section */
		B48BC714281D074E0093D91F /* Project object */ = {
			isa = PBXProject;
			attributes = {
				BuildIndependentTargetsInParallel = 1;
				LastSwiftUpdateCheck = 1320;
				LastUpgradeCheck = 1320;
				ORGANIZATIONNAME = XIAOYOU;
				TargetAttributes = {
					B48BC71B281D074E0093D91F = {
						CreatedOnToolsVersion = 13.2.1;
					};
				};
			};
			buildConfigurationList = B48BC717281D074E0093D91F /* Build configuration list for PBXProject "XYDevTool" */;
			compatibilityVersion = "Xcode 13.0";
			developmentRegion = en;
			hasScannedForEncodings = 0;
			knownRegions = (
				en,
				Base,
			);
			mainGroup = B48BC713281D074E0093D91F;
			productRefGroup = B48BC71D281D074E0093D91F /* Products */;
			projectDirPath = "";
			projectRoot = "";
			targets = (
				B48BC71B281D074E0093D91F /* XYDevTool */,
			);
		};
/* End PBXProject section */

/* Begin PBXResourcesBuildPhase section */
		B48BC71A281D074E0093D91F /* Resources */ = {
			isa = PBXResourcesBuildPhase;
			buildActionMask = 2147483647;
			files = (
				B4A3AD9C28217171001FD2B3 /* ios_icon.sh in Resources */,
				B4A3B06E281EC26500C34DD8 /* script.pl in Resources */,
				B4A3B070281EC5D000C34DD8 /* mac_icon.sh in Resources */,
				B471DB96282BE3BE002146A1 /* XYAlert.xib in Resources */,
				B4F61DC4282AA276006FAC35 /* Network.storyboard in Resources */,
				B4F61DC1282A9B78006FAC35 /* CreateMacIcons.storyboard in Resources */,
				B4F61DBF282A3E18006FAC35 /* JSON2Model.storyboard in Resources */,
				B4DB4BA2283936AC00AF654D /* UpgradeViewController.xib in Resources */,
				B4A3AD9F282172DC001FD2B3 /* Contents.json in Resources */,
				B4933E20282433EC00E7845E /* JSONFormatter.storyboard in Resources */,
				B48BC724281D07500093D91F /* Assets.xcassets in Resources */,
				B4A3B067281D66CB00C34DD8 /* json2model.js in Resources */,
				B48BC727281D07500093D91F /* Main.storyboard in Resources */,
				B4A3B06D281EC26500C34DD8 /* script.sh in Resources */,
			);
			runOnlyForDeploymentPostprocessing = 0;
		};
/* End PBXResourcesBuildPhase section */

/* Begin PBXShellScriptBuildPhase section */
		16BB273E102EBD9CD5E8DB02 /* [CP] Check Pods Manifest.lock */ = {
			isa = PBXShellScriptBuildPhase;
			buildActionMask = 2147483647;
			files = (
			);
			inputFileListPaths = (
			);
			inputPaths = (
				"${PODS_PODFILE_DIR_PATH}/Podfile.lock",
				"${PODS_ROOT}/Manifest.lock",
			);
			name = "[CP] Check Pods Manifest.lock";
			outputFileListPaths = (
			);
			outputPaths = (
				"$(DERIVED_FILE_DIR)/Pods-XYDevTool-checkManifestLockResult.txt",
			);
			runOnlyForDeploymentPostprocessing = 0;
			shellPath = /bin/sh;
			shellScript = "diff \"${PODS_PODFILE_DIR_PATH}/Podfile.lock\" \"${PODS_ROOT}/Manifest.lock\" > /dev/null\nif [ $? != 0 ] ; then\n    # print error to STDERR\n    echo \"error: The sandbox is not in sync with the Podfile.lock. Run 'pod install' or update your CocoaPods installation.\" >&2\n    exit 1\nfi\n# This output is used by Xcode 'outputs' to avoid re-running this script phase.\necho \"SUCCESS\" > \"${SCRIPT_OUTPUT_FILE_0}\"\n";
			showEnvVarsInLog = 0;
		};
		EA22FFCEF0C59AB59F07D8EF /* [CP] Embed Pods Frameworks */ = {
			isa = PBXShellScriptBuildPhase;
			buildActionMask = 2147483647;
			files = (
			);
			inputFileListPaths = (
				"${PODS_ROOT}/Target Support Files/Pods-XYDevTool/Pods-XYDevTool-frameworks-${CONFIGURATION}-input-files.xcfilelist",
			);
			name = "[CP] Embed Pods Frameworks";
			outputFileListPaths = (
				"${PODS_ROOT}/Target Support Files/Pods-XYDevTool/Pods-XYDevTool-frameworks-${CONFIGURATION}-output-files.xcfilelist",
			);
			runOnlyForDeploymentPostprocessing = 0;
			shellPath = /bin/sh;
			shellScript = "\"${PODS_ROOT}/Target Support Files/Pods-XYDevTool/Pods-XYDevTool-frameworks.sh\"\n";
			showEnvVarsInLog = 0;
		};
/* End PBXShellScriptBuildPhase section */

/* Begin PBXSourcesBuildPhase section */
		B48BC718281D074E0093D91F /* Sources */ = {
			isa = PBXSourcesBuildPhase;
			buildActionMask = 2147483647;
			files = (
				B4933E1D28242FF400E7845E /* JsonFormatterVC.swift in Sources */,
				B4A3ADAB28217342001FD2B3 /* Model.swift in Sources */,
				B4A3ADAC28217342001FD2B3 /* KeyedDecodingContainer.swift in Sources */,
				B4F61DC8282ABCAD006FAC35 /* XYNetTool.swift in Sources */,
				B4A3ADB028217342001FD2B3 /* AnyCodingKey.swift in Sources */,
				B4A3ADAE28217342001FD2B3 /* JSONDecoder.swift in Sources */,
				B4A3B069281E682E00C34DD8 /* CreateMacIcons.swift in Sources */,
				B4F61DC6282AA297006FAC35 /* NetRequestVC.swift in Sources */,
				B4A3B074281EC72600C34DD8 /* STPrivilegedTask.m in Sources */,
				B471DB94282BE39E002146A1 /* XYAlert.swift in Sources */,
				B4A3ADB128217342001FD2B3 /* DefaultValue.swift in Sources */,
				B4A3ADAF28217342001FD2B3 /* Box.swift in Sources */,
				B471DB92282BAB1F002146A1 /* NetModels.swift in Sources */,
				B4DB4BA1283936AC00AF654D /* UpgradeViewController.swift in Sources */,
				B4A3AD5E28214876001FD2B3 /* XYDevFunctions.swift in Sources */,
				B48BC72F281D09790093D91F /* Json2ModelVC.swift in Sources */,
				B4A3ADB228217342001FD2B3 /* Transform.swift in Sources */,
				B48BC722281D074E0093D91F /* ViewController.swift in Sources */,
				B4A3ADAD28217342001FD2B3 /* Model+Decodable.swift in Sources */,
				B454C78A2837DF30008F07B7 /* UpgradeUtils.swift in Sources */,
				B48BC720281D074E0093D91F /* AppDelegate.swift in Sources */,
			);
			runOnlyForDeploymentPostprocessing = 0;
		};
/* End PBXSourcesBuildPhase section */

/* Begin PBXVariantGroup section */
		B48BC725281D07500093D91F /* Main.storyboard */ = {
			isa = PBXVariantGroup;
			children = (
				B48BC726281D07500093D91F /* Base */,
			);
			name = Main.storyboard;
			sourceTree = "<group>";
		};
/* End PBXVariantGroup section */

/* Begin XCBuildConfiguration section */
		B48BC729281D07500093D91F /* Debug */ = {
			isa = XCBuildConfiguration;
			buildSettings = {
				ALWAYS_SEARCH_USER_PATHS = NO;
				CLANG_ANALYZER_NONNULL = YES;
				CLANG_ANALYZER_NUMBER_OBJECT_CONVERSION = YES_AGGRESSIVE;
				CLANG_CXX_LANGUAGE_STANDARD = "gnu++17";
				CLANG_CXX_LIBRARY = "libc++";
				CLANG_ENABLE_MODULES = YES;
				CLANG_ENABLE_OBJC_ARC = YES;
				CLANG_ENABLE_OBJC_WEAK = YES;
				CLANG_WARN_BLOCK_CAPTURE_AUTORELEASING = YES;
				CLANG_WARN_BOOL_CONVERSION = YES;
				CLANG_WARN_COMMA = YES;
				CLANG_WARN_CONSTANT_CONVERSION = YES;
				CLANG_WARN_DEPRECATED_OBJC_IMPLEMENTATIONS = YES;
				CLANG_WARN_DIRECT_OBJC_ISA_USAGE = YES_ERROR;
				CLANG_WARN_DOCUMENTATION_COMMENTS = YES;
				CLANG_WARN_EMPTY_BODY = YES;
				CLANG_WARN_ENUM_CONVERSION = YES;
				CLANG_WARN_INFINITE_RECURSION = YES;
				CLANG_WARN_INT_CONVERSION = YES;
				CLANG_WARN_NON_LITERAL_NULL_CONVERSION = YES;
				CLANG_WARN_OBJC_IMPLICIT_RETAIN_SELF = YES;
				CLANG_WARN_OBJC_LITERAL_CONVERSION = YES;
				CLANG_WARN_OBJC_ROOT_CLASS = YES_ERROR;
				CLANG_WARN_QUOTED_INCLUDE_IN_FRAMEWORK_HEADER = YES;
				CLANG_WARN_RANGE_LOOP_ANALYSIS = YES;
				CLANG_WARN_STRICT_PROTOTYPES = YES;
				CLANG_WARN_SUSPICIOUS_MOVE = YES;
				CLANG_WARN_UNGUARDED_AVAILABILITY = YES_AGGRESSIVE;
				CLANG_WARN_UNREACHABLE_CODE = YES;
				CLANG_WARN__DUPLICATE_METHOD_MATCH = YES;
				COPY_PHASE_STRIP = NO;
				DEBUG_INFORMATION_FORMAT = dwarf;
				ENABLE_STRICT_OBJC_MSGSEND = YES;
				ENABLE_TESTABILITY = YES;
				GCC_C_LANGUAGE_STANDARD = gnu11;
				GCC_DYNAMIC_NO_PIC = NO;
				GCC_NO_COMMON_BLOCKS = YES;
				GCC_OPTIMIZATION_LEVEL = 0;
				GCC_PREPROCESSOR_DEFINITIONS = (
					"DEBUG=1",
					"$(inherited)",
				);
				GCC_WARN_64_TO_32_BIT_CONVERSION = YES;
				GCC_WARN_ABOUT_RETURN_TYPE = YES_ERROR;
				GCC_WARN_UNDECLARED_SELECTOR = YES;
				GCC_WARN_UNINITIALIZED_AUTOS = YES_AGGRESSIVE;
				GCC_WARN_UNUSED_FUNCTION = YES;
				GCC_WARN_UNUSED_VARIABLE = YES;
				MACOSX_DEPLOYMENT_TARGET = 12.1;
				MTL_ENABLE_DEBUG_INFO = INCLUDE_SOURCE;
				MTL_FAST_MATH = YES;
				ONLY_ACTIVE_ARCH = YES;
				SDKROOT = macosx;
				SWIFT_ACTIVE_COMPILATION_CONDITIONS = DEBUG;
				SWIFT_OPTIMIZATION_LEVEL = "-Onone";
			};
			name = Debug;
		};
		B48BC72A281D07500093D91F /* Release */ = {
			isa = XCBuildConfiguration;
			buildSettings = {
				ALWAYS_SEARCH_USER_PATHS = NO;
				CLANG_ANALYZER_NONNULL = YES;
				CLANG_ANALYZER_NUMBER_OBJECT_CONVERSION = YES_AGGRESSIVE;
				CLANG_CXX_LANGUAGE_STANDARD = "gnu++17";
				CLANG_CXX_LIBRARY = "libc++";
				CLANG_ENABLE_MODULES = YES;
				CLANG_ENABLE_OBJC_ARC = YES;
				CLANG_ENABLE_OBJC_WEAK = YES;
				CLANG_WARN_BLOCK_CAPTURE_AUTORELEASING = YES;
				CLANG_WARN_BOOL_CONVERSION = YES;
				CLANG_WARN_COMMA = YES;
				CLANG_WARN_CONSTANT_CONVERSION = YES;
				CLANG_WARN_DEPRECATED_OBJC_IMPLEMENTATIONS = YES;
				CLANG_WARN_DIRECT_OBJC_ISA_USAGE = YES_ERROR;
				CLANG_WARN_DOCUMENTATION_COMMENTS = YES;
				CLANG_WARN_EMPTY_BODY = YES;
				CLANG_WARN_ENUM_CONVERSION = YES;
				CLANG_WARN_INFINITE_RECURSION = YES;
				CLANG_WARN_INT_CONVERSION = YES;
				CLANG_WARN_NON_LITERAL_NULL_CONVERSION = YES;
				CLANG_WARN_OBJC_IMPLICIT_RETAIN_SELF = YES;
				CLANG_WARN_OBJC_LITERAL_CONVERSION = YES;
				CLANG_WARN_OBJC_ROOT_CLASS = YES_ERROR;
				CLANG_WARN_QUOTED_INCLUDE_IN_FRAMEWORK_HEADER = YES;
				CLANG_WARN_RANGE_LOOP_ANALYSIS = YES;
				CLANG_WARN_STRICT_PROTOTYPES = YES;
				CLANG_WARN_SUSPICIOUS_MOVE = YES;
				CLANG_WARN_UNGUARDED_AVAILABILITY = YES_AGGRESSIVE;
				CLANG_WARN_UNREACHABLE_CODE = YES;
				CLANG_WARN__DUPLICATE_METHOD_MATCH = YES;
				COPY_PHASE_STRIP = NO;
				DEBUG_INFORMATION_FORMAT = "dwarf-with-dsym";
				ENABLE_NS_ASSERTIONS = NO;
				ENABLE_STRICT_OBJC_MSGSEND = YES;
				GCC_C_LANGUAGE_STANDARD = gnu11;
				GCC_NO_COMMON_BLOCKS = YES;
				GCC_WARN_64_TO_32_BIT_CONVERSION = YES;
				GCC_WARN_ABOUT_RETURN_TYPE = YES_ERROR;
				GCC_WARN_UNDECLARED_SELECTOR = YES;
				GCC_WARN_UNINITIALIZED_AUTOS = YES_AGGRESSIVE;
				GCC_WARN_UNUSED_FUNCTION = YES;
				GCC_WARN_UNUSED_VARIABLE = YES;
				MACOSX_DEPLOYMENT_TARGET = 12.1;
				MTL_ENABLE_DEBUG_INFO = NO;
				MTL_FAST_MATH = YES;
				SDKROOT = macosx;
				SWIFT_COMPILATION_MODE = wholemodule;
				SWIFT_OPTIMIZATION_LEVEL = "-O";
			};
			name = Release;
		};
		B48BC72C281D07500093D91F /* Debug */ = {
			isa = XCBuildConfiguration;
			baseConfigurationReference = CA6AF161DDDF8C3A49BF6B5E /* Pods-XYDevTool.debug.xcconfig */;
			buildSettings = {
				ASSETCATALOG_COMPILER_APPICON_NAME = AppIcon;
				ASSETCATALOG_COMPILER_GLOBAL_ACCENT_COLOR_NAME = AccentColor;
				CODE_SIGN_ENTITLEMENTS = XYDevTool/XYDevTool.entitlements;
				CODE_SIGN_IDENTITY = "Apple Development";
				CODE_SIGN_STYLE = Automatic;
				COMBINE_HIDPI_IMAGES = YES;
				CURRENT_PROJECT_VERSION = 1;
				DEVELOPMENT_TEAM = J9CJUEB6H8;
				ENABLE_HARDENED_RUNTIME = YES;
				GENERATE_INFOPLIST_FILE = YES;
				INFOPLIST_FILE = XYDevTool/Info.plist;
				INFOPLIST_KEY_LSApplicationCategoryType = "public.app-category.developer-tools";
				INFOPLIST_KEY_NSHumanReadableCopyright = "";
				INFOPLIST_KEY_NSMainStoryboardFile = Main;
				INFOPLIST_KEY_NSPrincipalClass = NSApplication;
				LD_RUNPATH_SEARCH_PATHS = (
					"$(inherited)",
					"@executable_path/../Frameworks",
				);
				MARKETING_VERSION = 1.0;
				PRODUCT_BUNDLE_IDENTIFIER = com.xiaoyou.XYDevTool;
				PRODUCT_NAME = "$(TARGET_NAME)";
				PROVISIONING_PROFILE_SPECIFIER = "";
				SWIFT_EMIT_LOC_STRINGS = YES;
				SWIFT_OBJC_BRIDGING_HEADER = "XYDevTool/XYDevTool-Bridging-Header.h";
				SWIFT_VERSION = 5.0;
			};
			name = Debug;
		};
		B48BC72D281D07500093D91F /* Release */ = {
			isa = XCBuildConfiguration;
			baseConfigurationReference = 975D17A7F6E8691978F8836B /* Pods-XYDevTool.release.xcconfig */;
			buildSettings = {
				ASSETCATALOG_COMPILER_APPICON_NAME = AppIcon;
				ASSETCATALOG_COMPILER_GLOBAL_ACCENT_COLOR_NAME = AccentColor;
				CODE_SIGN_ENTITLEMENTS = XYDevTool/XYDevTool.entitlements;
				CODE_SIGN_IDENTITY = "Apple Development";
				CODE_SIGN_STYLE = Automatic;
				COMBINE_HIDPI_IMAGES = YES;
				CURRENT_PROJECT_VERSION = 1;
				DEVELOPMENT_TEAM = J9CJUEB6H8;
				ENABLE_HARDENED_RUNTIME = YES;
				GENERATE_INFOPLIST_FILE = YES;
				INFOPLIST_FILE = XYDevTool/Info.plist;
				INFOPLIST_KEY_LSApplicationCategoryType = "public.app-category.developer-tools";
				INFOPLIST_KEY_NSHumanReadableCopyright = "";
				INFOPLIST_KEY_NSMainStoryboardFile = Main;
				INFOPLIST_KEY_NSPrincipalClass = NSApplication;
				LD_RUNPATH_SEARCH_PATHS = (
					"$(inherited)",
					"@executable_path/../Frameworks",
				);
				MARKETING_VERSION = 1.0;
				PRODUCT_BUNDLE_IDENTIFIER = com.xiaoyou.XYDevTool;
				PRODUCT_NAME = "$(TARGET_NAME)";
				PROVISIONING_PROFILE_SPECIFIER = "";
				SWIFT_EMIT_LOC_STRINGS = YES;
				SWIFT_OBJC_BRIDGING_HEADER = "XYDevTool/XYDevTool-Bridging-Header.h";
				SWIFT_VERSION = 5.0;
			};
			name = Release;
		};
/* End XCBuildConfiguration section */

/* Begin XCConfigurationList section */
		B48BC717281D074E0093D91F /* Build configuration list for PBXProject "XYDevTool" */ = {
			isa = XCConfigurationList;
			buildConfigurations = (
				B48BC729281D07500093D91F /* Debug */,
				B48BC72A281D07500093D91F /* Release */,
			);
			defaultConfigurationIsVisible = 0;
			defaultConfigurationName = Release;
		};
		B48BC72B281D07500093D91F /* Build configuration list for PBXNativeTarget "XYDevTool" */ = {
			isa = XCConfigurationList;
			buildConfigurations = (
				B48BC72C281D07500093D91F /* Debug */,
				B48BC72D281D07500093D91F /* Release */,
			);
			defaultConfigurationIsVisible = 0;
			defaultConfigurationName = Release;
		};
/* End XCConfigurationList section */
	};
	rootObject = B48BC714281D074E0093D91F /* Project object */;
}
