// !$*UTF8*$!
{
	archiveVersion = 1;
	classes = {
	};
	objectVersion = 55;
	objects = {

/* Begin PBXBuildFile section */
		B40376D1284DFB1E00284AE0 /* String+XYDev.swift in Sources */ = {isa = PBXBuildFile; fileRef = B40376D0284DFB1E00284AE0 /* String+XYDev.swift */; };
		B41895402C66742100C8CC86 /* CustomTextEditor.swift in Sources */ = {isa = PBXBuildFile; fileRef = B418953F2C66742100C8CC86 /* CustomTextEditor.swift */; };
		B41895782C667C5400C8CC86 /* VDividerView.swift in Sources */ = {isa = PBXBuildFile; fileRef = B41895772C667C5400C8CC86 /* VDividerView.swift */; };
		B418957A2C667E1B00C8CC86 /* HDividerView.swift in Sources */ = {isa = PBXBuildFile; fileRef = B41895792C667E1B00C8CC86 /* HDividerView.swift */; };
		B424ED4F2CA7087300B02C3E /* PanelSettingsView.swift in Sources */ = {isa = PBXBuildFile; fileRef = B424ED4E2CA7087300B02C3E /* PanelSettingsView.swift */; };
		B424ED522CAAEB0E00B02C3E /* JSONFormatterView.swift in Sources */ = {isa = PBXBuildFile; fileRef = B424ED512CAAEB0E00B02C3E /* JSONFormatterView.swift */; };
		B424ED542CAAECAA00B02C3E /* JSONFormatterFunctionsView.swift in Sources */ = {isa = PBXBuildFile; fileRef = B424ED532CAAECAA00B02C3E /* JSONFormatterFunctionsView.swift */; };
		B424ED612CB445B500B02C3E /* CustomServerView.swift in Sources */ = {isa = PBXBuildFile; fileRef = B424ED602CB445B500B02C3E /* CustomServerView.swift */; };
		B43606242957F381005A06A9 /* BaseDataProtocol.swift in Sources */ = {isa = PBXBuildFile; fileRef = B43606232957F381005A06A9 /* BaseDataProtocol.swift */; };
		B454C78A2837DF30008F07B7 /* UpgradeUtils.swift in Sources */ = {isa = PBXBuildFile; fileRef = B454C7892837DF30008F07B7 /* UpgradeUtils.swift */; };
		B46CEDBC2CCFB2AD00C5EDCC /* index.html in Resources */ = {isa = PBXBuildFile; fileRef = B46CEDBB2CCFB2AD00C5EDCC /* index.html */; };
		B471DB92282BAB1F002146A1 /* NetModels.swift in Sources */ = {isa = PBXBuildFile; fileRef = B471DB91282BAB1F002146A1 /* NetModels.swift */; };
		B471DB94282BE39E002146A1 /* XYAlert.swift in Sources */ = {isa = PBXBuildFile; fileRef = B471DB93282BE39E002146A1 /* XYAlert.swift */; };
		B471DB96282BE3BE002146A1 /* XYAlert.xib in Resources */ = {isa = PBXBuildFile; fileRef = B471DB95282BE3BE002146A1 /* XYAlert.xib */; };
		B48A9A59292FB96500DD7333 /* LICENSE in Resources */ = {isa = PBXBuildFile; fileRef = B48A9A31292FB96500DD7333 /* LICENSE */; };
		B48A9A5A292FB96500DD7333 /* README.md in Resources */ = {isa = PBXBuildFile; fileRef = B48A9A32292FB96500DD7333 /* README.md */; };
		B48A9A5B292FB96500DD7333 /* ConstraintMultiplierTarget.swift in Sources */ = {isa = PBXBuildFile; fileRef = B48A9A34292FB96500DD7333 /* ConstraintMultiplierTarget.swift */; };
		B48A9A5C292FB96500DD7333 /* LayoutConstraintItem.swift in Sources */ = {isa = PBXBuildFile; fileRef = B48A9A35292FB96500DD7333 /* LayoutConstraintItem.swift */; };
		B48A9A5D292FB96500DD7333 /* ConstraintMakerPrioritizable.swift in Sources */ = {isa = PBXBuildFile; fileRef = B48A9A36292FB96500DD7333 /* ConstraintMakerPrioritizable.swift */; };
		B48A9A5E292FB96500DD7333 /* ConstraintDescription.swift in Sources */ = {isa = PBXBuildFile; fileRef = B48A9A37292FB96500DD7333 /* ConstraintDescription.swift */; };
		B48A9A5F292FB96500DD7333 /* ConstraintAttributes.swift in Sources */ = {isa = PBXBuildFile; fileRef = B48A9A38292FB96500DD7333 /* ConstraintAttributes.swift */; };
		B48A9A60292FB96500DD7333 /* ConstraintViewDSL.swift in Sources */ = {isa = PBXBuildFile; fileRef = B48A9A39292FB96500DD7333 /* ConstraintViewDSL.swift */; };
		B48A9A61292FB96500DD7333 /* ConstraintPriorityTarget.swift in Sources */ = {isa = PBXBuildFile; fileRef = B48A9A3A292FB96500DD7333 /* ConstraintPriorityTarget.swift */; };
		B48A9A62292FB96500DD7333 /* ConstraintInsets.swift in Sources */ = {isa = PBXBuildFile; fileRef = B48A9A3B292FB96500DD7333 /* ConstraintInsets.swift */; };
		B48A9A63292FB96500DD7333 /* ConstraintMakerFinalizable.swift in Sources */ = {isa = PBXBuildFile; fileRef = B48A9A3C292FB96500DD7333 /* ConstraintMakerFinalizable.swift */; };
		B48A9A64292FB96500DD7333 /* ConstraintDSL.swift in Sources */ = {isa = PBXBuildFile; fileRef = B48A9A3D292FB96500DD7333 /* ConstraintDSL.swift */; };
		B48A9A65292FB96500DD7333 /* ConstraintMakerExtendable.swift in Sources */ = {isa = PBXBuildFile; fileRef = B48A9A3E292FB96500DD7333 /* ConstraintMakerExtendable.swift */; };
		B48A9A66292FB96500DD7333 /* ConstraintPriority.swift in Sources */ = {isa = PBXBuildFile; fileRef = B48A9A3F292FB96500DD7333 /* ConstraintPriority.swift */; };
		B48A9A67292FB96500DD7333 /* ConstraintInsetTarget.swift in Sources */ = {isa = PBXBuildFile; fileRef = B48A9A40292FB96500DD7333 /* ConstraintInsetTarget.swift */; };
		B48A9A68292FB96500DD7333 /* ConstraintDirectionalInsetTarget.swift in Sources */ = {isa = PBXBuildFile; fileRef = B48A9A41292FB96500DD7333 /* ConstraintDirectionalInsetTarget.swift */; };
		B48A9A69292FB96500DD7333 /* ConstraintMakerRelatable+Extensions.swift in Sources */ = {isa = PBXBuildFile; fileRef = B48A9A42292FB96500DD7333 /* ConstraintMakerRelatable+Extensions.swift */; };
		B48A9A6A292FB96500DD7333 /* ConstraintConfig.swift in Sources */ = {isa = PBXBuildFile; fileRef = B48A9A43292FB96500DD7333 /* ConstraintConfig.swift */; };
		B48A9A6B292FB96500DD7333 /* UILayoutSupport+Extensions.swift in Sources */ = {isa = PBXBuildFile; fileRef = B48A9A44292FB96500DD7333 /* UILayoutSupport+Extensions.swift */; };
		B48A9A6C292FB96500DD7333 /* ConstraintView.swift in Sources */ = {isa = PBXBuildFile; fileRef = B48A9A45292FB96500DD7333 /* ConstraintView.swift */; };
		B48A9A6D292FB96500DD7333 /* ConstraintLayoutGuide.swift in Sources */ = {isa = PBXBuildFile; fileRef = B48A9A46292FB96500DD7333 /* ConstraintLayoutGuide.swift */; };
		B48A9A6E292FB96500DD7333 /* ConstraintLayoutSupport.swift in Sources */ = {isa = PBXBuildFile; fileRef = B48A9A47292FB96500DD7333 /* ConstraintLayoutSupport.swift */; };
		B48A9A6F292FB96500DD7333 /* Typealiases.swift in Sources */ = {isa = PBXBuildFile; fileRef = B48A9A48292FB96500DD7333 /* Typealiases.swift */; };
		B48A9A70292FB96500DD7333 /* ConstraintConstantTarget.swift in Sources */ = {isa = PBXBuildFile; fileRef = B48A9A49292FB96500DD7333 /* ConstraintConstantTarget.swift */; };
		B48A9A71292FB96500DD7333 /* ConstraintOffsetTarget.swift in Sources */ = {isa = PBXBuildFile; fileRef = B48A9A4A292FB96500DD7333 /* ConstraintOffsetTarget.swift */; };
		B48A9A72292FB96500DD7333 /* ConstraintMakerEditable.swift in Sources */ = {isa = PBXBuildFile; fileRef = B48A9A4B292FB96500DD7333 /* ConstraintMakerEditable.swift */; };
		B48A9A73292FB96500DD7333 /* ConstraintMaker.swift in Sources */ = {isa = PBXBuildFile; fileRef = B48A9A4C292FB96500DD7333 /* ConstraintMaker.swift */; };
		B48A9A74292FB96500DD7333 /* ConstraintRelation.swift in Sources */ = {isa = PBXBuildFile; fileRef = B48A9A4D292FB96500DD7333 /* ConstraintRelation.swift */; };
		B48A9A75292FB96500DD7333 /* ConstraintLayoutGuideDSL.swift in Sources */ = {isa = PBXBuildFile; fileRef = B48A9A4E292FB96500DD7333 /* ConstraintLayoutGuideDSL.swift */; };
		B48A9A76292FB96500DD7333 /* ConstraintView+Extensions.swift in Sources */ = {isa = PBXBuildFile; fileRef = B48A9A4F292FB96500DD7333 /* ConstraintView+Extensions.swift */; };
		B48A9A77292FB96500DD7333 /* ConstraintItem.swift in Sources */ = {isa = PBXBuildFile; fileRef = B48A9A50292FB96500DD7333 /* ConstraintItem.swift */; };
		B48A9A78292FB96500DD7333 /* Constraint.swift in Sources */ = {isa = PBXBuildFile; fileRef = B48A9A51292FB96500DD7333 /* Constraint.swift */; };
		B48A9A79292FB96500DD7333 /* Debugging.swift in Sources */ = {isa = PBXBuildFile; fileRef = B48A9A52292FB96500DD7333 /* Debugging.swift */; };
		B48A9A7A292FB96500DD7333 /* ConstraintRelatableTarget.swift in Sources */ = {isa = PBXBuildFile; fileRef = B48A9A53292FB96500DD7333 /* ConstraintRelatableTarget.swift */; };
		B48A9A7B292FB96500DD7333 /* LayoutConstraint.swift in Sources */ = {isa = PBXBuildFile; fileRef = B48A9A54292FB96500DD7333 /* LayoutConstraint.swift */; };
		B48A9A7C292FB96500DD7333 /* ConstraintLayoutGuide+Extensions.swift in Sources */ = {isa = PBXBuildFile; fileRef = B48A9A55292FB96500DD7333 /* ConstraintLayoutGuide+Extensions.swift */; };
		B48A9A7D292FB96500DD7333 /* ConstraintDirectionalInsets.swift in Sources */ = {isa = PBXBuildFile; fileRef = B48A9A56292FB96500DD7333 /* ConstraintDirectionalInsets.swift */; };
		B48A9A7E292FB96500DD7333 /* ConstraintLayoutSupportDSL.swift in Sources */ = {isa = PBXBuildFile; fileRef = B48A9A57292FB96500DD7333 /* ConstraintLayoutSupportDSL.swift */; };
		B48A9A7F292FB96500DD7333 /* ConstraintMakerRelatable.swift in Sources */ = {isa = PBXBuildFile; fileRef = B48A9A58292FB96500DD7333 /* ConstraintMakerRelatable.swift */; };
		B48BC720281D074E0093D91F /* AppDelegate.swift in Sources */ = {isa = PBXBuildFile; fileRef = B48BC71F281D074E0093D91F /* AppDelegate.swift */; };
		B48BC722281D074E0093D91F /* ViewController.swift in Sources */ = {isa = PBXBuildFile; fileRef = B48BC721281D074E0093D91F /* ViewController.swift */; };
		B48BC724281D07500093D91F /* Assets.xcassets in Resources */ = {isa = PBXBuildFile; fileRef = B48BC723281D07500093D91F /* Assets.xcassets */; };
		B48BC727281D07500093D91F /* Main.storyboard in Resources */ = {isa = PBXBuildFile; fileRef = B48BC725281D07500093D91F /* Main.storyboard */; };
		B48BC72F281D09790093D91F /* Json2ModelVC.swift in Sources */ = {isa = PBXBuildFile; fileRef = B48BC72E281D09790093D91F /* Json2ModelVC.swift */; };
		B4933E1D28242FF400E7845E /* JsonFormatterVC.swift in Sources */ = {isa = PBXBuildFile; fileRef = B4933E1B28242FF400E7845E /* JsonFormatterVC.swift */; };
		B4933E20282433EC00E7845E /* JSONFormatter.storyboard in Resources */ = {isa = PBXBuildFile; fileRef = B4933E1F282433EC00E7845E /* JSONFormatter.storyboard */; };
		B4A3AD5E28214876001FD2B3 /* XYDevFunctions.swift in Sources */ = {isa = PBXBuildFile; fileRef = B4A3AD5C28214876001FD2B3 /* XYDevFunctions.swift */; };
		B4A3AD9C28217171001FD2B3 /* ios_icon.sh in Resources */ = {isa = PBXBuildFile; fileRef = B4A3AD9B28217171001FD2B3 /* ios_icon.sh */; };
		B4A3AD9F282172DC001FD2B3 /* Contents.json in Resources */ = {isa = PBXBuildFile; fileRef = B4A3AD9E282172DC001FD2B3 /* Contents.json */; };
		B4A3ADAB28217342001FD2B3 /* Model.swift in Sources */ = {isa = PBXBuildFile; fileRef = B4A3ADA228217342001FD2B3 /* Model.swift */; };
		B4A3ADAC28217342001FD2B3 /* KeyedDecodingContainer.swift in Sources */ = {isa = PBXBuildFile; fileRef = B4A3ADA428217342001FD2B3 /* KeyedDecodingContainer.swift */; };
		B4A3ADAD28217342001FD2B3 /* Model+Decodable.swift in Sources */ = {isa = PBXBuildFile; fileRef = B4A3ADA528217342001FD2B3 /* Model+Decodable.swift */; };
		B4A3ADAE28217342001FD2B3 /* JSONDecoder.swift in Sources */ = {isa = PBXBuildFile; fileRef = B4A3ADA628217342001FD2B3 /* JSONDecoder.swift */; };
		B4A3ADAF28217342001FD2B3 /* Box.swift in Sources */ = {isa = PBXBuildFile; fileRef = B4A3ADA728217342001FD2B3 /* Box.swift */; };
		B4A3ADB028217342001FD2B3 /* AnyCodingKey.swift in Sources */ = {isa = PBXBuildFile; fileRef = B4A3ADA828217342001FD2B3 /* AnyCodingKey.swift */; };
		B4A3ADB128217342001FD2B3 /* DefaultValue.swift in Sources */ = {isa = PBXBuildFile; fileRef = B4A3ADA928217342001FD2B3 /* DefaultValue.swift */; };
		B4A3ADB228217342001FD2B3 /* Transform.swift in Sources */ = {isa = PBXBuildFile; fileRef = B4A3ADAA28217342001FD2B3 /* Transform.swift */; };
		B4A3B067281D66CB00C34DD8 /* json2model.js in Resources */ = {isa = PBXBuildFile; fileRef = B4A3B066281D66CB00C34DD8 /* json2model.js */; };
		B4A3B069281E682E00C34DD8 /* CreateMacIcons.swift in Sources */ = {isa = PBXBuildFile; fileRef = B4A3B068281E682E00C34DD8 /* CreateMacIcons.swift */; };
		B4A3B06D281EC26500C34DD8 /* script.sh in Resources */ = {isa = PBXBuildFile; fileRef = B4A3B06B281EC26500C34DD8 /* script.sh */; };
		B4A3B06E281EC26500C34DD8 /* script.pl in Resources */ = {isa = PBXBuildFile; fileRef = B4A3B06C281EC26500C34DD8 /* script.pl */; };
		B4A3B070281EC5D000C34DD8 /* mac_icon.sh in Resources */ = {isa = PBXBuildFile; fileRef = B4A3B06F281EC5D000C34DD8 /* mac_icon.sh */; };
		B4A3B074281EC72600C34DD8 /* STPrivilegedTask.m in Sources */ = {isa = PBXBuildFile; fileRef = B4A3B073281EC72600C34DD8 /* STPrivilegedTask.m */; };
		B4C374E1285F688400266440 /* Tools.swift in Sources */ = {isa = PBXBuildFile; fileRef = B4C374E0285F688400266440 /* Tools.swift */; };
		B4CC2CBB2C67D5BA000F4F16 /* Dictionary+XYAdd.swift in Sources */ = {isa = PBXBuildFile; fileRef = B4CC2CBA2C67D5BA000F4F16 /* Dictionary+XYAdd.swift */; };
		B4D23BC9283D1A620081F400 /* NSTextView+LineNumberRulerView.swift in Sources */ = {isa = PBXBuildFile; fileRef = B4D23BC8283D1A620081F400 /* NSTextView+LineNumberRulerView.swift */; };
		B4DA90772C2C2805000A6667 /* NetworkPanelView.swift in Sources */ = {isa = PBXBuildFile; fileRef = B4DA90762C2C2805000A6667 /* NetworkPanelView.swift */; };
		B4DA907A2C2C2D3C000A6667 /* PanelTopView.swift in Sources */ = {isa = PBXBuildFile; fileRef = B4DA90792C2C2D3C000A6667 /* PanelTopView.swift */; };
		B4DA907C2C2C4375000A6667 /* NetworkDataModel.swift in Sources */ = {isa = PBXBuildFile; fileRef = B4DA907B2C2C4375000A6667 /* NetworkDataModel.swift */; };
		B4DA907E2C2C4BDE000A6667 /* PanelHistoryView.swift in Sources */ = {isa = PBXBuildFile; fileRef = B4DA907D2C2C4BDE000A6667 /* PanelHistoryView.swift */; };
		B4DA90802C2C4C1C000A6667 /* PanelRequestView.swift in Sources */ = {isa = PBXBuildFile; fileRef = B4DA907F2C2C4C1C000A6667 /* PanelRequestView.swift */; };
		B4DA90822C2C4C31000A6667 /* PanelResponceView.swift in Sources */ = {isa = PBXBuildFile; fileRef = B4DA90812C2C4C31000A6667 /* PanelResponceView.swift */; };
		B4DA90842C2C4C46000A6667 /* PanelStatusView.swift in Sources */ = {isa = PBXBuildFile; fileRef = B4DA90832C2C4C46000A6667 /* PanelStatusView.swift */; };
		B4DB4BA1283936AC00AF654D /* UpgradeViewController.swift in Sources */ = {isa = PBXBuildFile; fileRef = B4DB4B9F283936AC00AF654D /* UpgradeViewController.swift */; };
		B4DB4BA2283936AC00AF654D /* UpgradeViewController.xib in Resources */ = {isa = PBXBuildFile; fileRef = B4DB4BA0283936AC00AF654D /* UpgradeViewController.xib */; };
		B4EC92CD29533F66005FC62E /* NetResquestController.swift in Sources */ = {isa = PBXBuildFile; fileRef = B4EC92CB29533F66005FC62E /* NetResquestController.swift */; };
		B4EC92CE29533F66005FC62E /* NetResquestController.xib in Resources */ = {isa = PBXBuildFile; fileRef = B4EC92CC29533F66005FC62E /* NetResquestController.xib */; };
		B4EC92D02954A526005FC62E /* NSView+XYDev.swift in Sources */ = {isa = PBXBuildFile; fileRef = B4EC92CF2954A526005FC62E /* NSView+XYDev.swift */; };
		B4EC92D329560361005FC62E /* TopView.swift in Sources */ = {isa = PBXBuildFile; fileRef = B4EC92D229560361005FC62E /* TopView.swift */; };
		B4EC92D529560392005FC62E /* LeftView.swift in Sources */ = {isa = PBXBuildFile; fileRef = B4EC92D429560392005FC62E /* LeftView.swift */; };
		B4F61DBF282A3E18006FAC35 /* JSON2Model.storyboard in Resources */ = {isa = PBXBuildFile; fileRef = B4F61DBE282A3E18006FAC35 /* JSON2Model.storyboard */; };
		B4F61DC1282A9B78006FAC35 /* CreateMacIcons.storyboard in Resources */ = {isa = PBXBuildFile; fileRef = B4F61DC0282A9B78006FAC35 /* CreateMacIcons.storyboard */; };
		B4F61DC4282AA276006FAC35 /* Network.storyboard in Resources */ = {isa = PBXBuildFile; fileRef = B4F61DC3282AA276006FAC35 /* Network.storyboard */; };
		B4F61DC8282ABCAD006FAC35 /* XYNetTool.swift in Sources */ = {isa = PBXBuildFile; fileRef = B4F61DC7282ABCAD006FAC35 /* XYNetTool.swift */; };
		BE66A9592DA5316400EF6D1C /* ImageInspector.swift in Sources */ = {isa = PBXBuildFile; fileRef = BE66A9582DA5316400EF6D1C /* ImageInspector.swift */; };
		C40F6CEA7546C13C8E23D087 /* Pods_XYDevTool.framework in Frameworks */ = {isa = PBXBuildFile; fileRef = 392AAC5048AEA8AA9E51833E /* Pods_XYDevTool.framework */; };
/* End PBXBuildFile section */

/* Begin PBXFileReference section */
		392AAC5048AEA8AA9E51833E /* Pods_XYDevTool.framework */ = {isa = PBXFileReference; explicitFileType = wrapper.framework; includeInIndex = 0; path = Pods_XYDevTool.framework; sourceTree = BUILT_PRODUCTS_DIR; };
		975D17A7F6E8691978F8836B /* Pods-XYDevTool.release.xcconfig */ = {isa = PBXFileReference; includeInIndex = 1; lastKnownFileType = text.xcconfig; name = "Pods-XYDevTool.release.xcconfig"; path = "Target Support Files/Pods-XYDevTool/Pods-XYDevTool.release.xcconfig"; sourceTree = "<group>"; };
		B40376D0284DFB1E00284AE0 /* String+XYDev.swift */ = {isa = PBXFileReference; lastKnownFileType = sourcecode.swift; path = "String+XYDev.swift"; sourceTree = "<group>"; };
		B418953F2C66742100C8CC86 /* CustomTextEditor.swift */ = {isa = PBXFileReference; lastKnownFileType = sourcecode.swift; path = CustomTextEditor.swift; sourceTree = "<group>"; };
		B41895772C667C5400C8CC86 /* VDividerView.swift */ = {isa = PBXFileReference; lastKnownFileType = sourcecode.swift; path = VDividerView.swift; sourceTree = "<group>"; };
		B41895792C667E1B00C8CC86 /* HDividerView.swift */ = {isa = PBXFileReference; lastKnownFileType = sourcecode.swift; path = HDividerView.swift; sourceTree = "<group>"; };
		B424ED4E2CA7087300B02C3E /* PanelSettingsView.swift */ = {isa = PBXFileReference; lastKnownFileType = sourcecode.swift; path = PanelSettingsView.swift; sourceTree = "<group>"; };
		B424ED512CAAEB0E00B02C3E /* JSONFormatterView.swift */ = {isa = PBXFileReference; lastKnownFileType = sourcecode.swift; path = JSONFormatterView.swift; sourceTree = "<group>"; };
		B424ED532CAAECAA00B02C3E /* JSONFormatterFunctionsView.swift */ = {isa = PBXFileReference; lastKnownFileType = sourcecode.swift; path = JSONFormatterFunctionsView.swift; sourceTree = "<group>"; };
		B424ED602CB445B500B02C3E /* CustomServerView.swift */ = {isa = PBXFileReference; lastKnownFileType = sourcecode.swift; path = CustomServerView.swift; sourceTree = "<group>"; };
		B43606232957F381005A06A9 /* BaseDataProtocol.swift */ = {isa = PBXFileReference; lastKnownFileType = sourcecode.swift; path = BaseDataProtocol.swift; sourceTree = "<group>"; };
		B454C7892837DF30008F07B7 /* UpgradeUtils.swift */ = {isa = PBXFileReference; lastKnownFileType = sourcecode.swift; path = UpgradeUtils.swift; sourceTree = "<group>"; };
		B46CEDBB2CCFB2AD00C5EDCC /* index.html */ = {isa = PBXFileReference; lastKnownFileType = text.html; path = index.html; sourceTree = "<group>"; };
		B471DB91282BAB1F002146A1 /* NetModels.swift */ = {isa = PBXFileReference; lastKnownFileType = sourcecode.swift; path = NetModels.swift; sourceTree = "<group>"; };
		B471DB93282BE39E002146A1 /* XYAlert.swift */ = {isa = PBXFileReference; lastKnownFileType = sourcecode.swift; path = XYAlert.swift; sourceTree = "<group>"; };
		B471DB95282BE3BE002146A1 /* XYAlert.xib */ = {isa = PBXFileReference; lastKnownFileType = file.xib; path = XYAlert.xib; sourceTree = "<group>"; };
		B48A9A31292FB96500DD7333 /* LICENSE */ = {isa = PBXFileReference; fileEncoding = 4; lastKnownFileType = text; path = LICENSE; sourceTree = "<group>"; };
		B48A9A32292FB96500DD7333 /* README.md */ = {isa = PBXFileReference; fileEncoding = 4; lastKnownFileType = net.daringfireball.markdown; path = README.md; sourceTree = "<group>"; };
		B48A9A34292FB96500DD7333 /* ConstraintMultiplierTarget.swift */ = {isa = PBXFileReference; fileEncoding = 4; lastKnownFileType = sourcecode.swift; path = ConstraintMultiplierTarget.swift; sourceTree = "<group>"; };
		B48A9A35292FB96500DD7333 /* LayoutConstraintItem.swift */ = {isa = PBXFileReference; fileEncoding = 4; lastKnownFileType = sourcecode.swift; path = LayoutConstraintItem.swift; sourceTree = "<group>"; };
		B48A9A36292FB96500DD7333 /* ConstraintMakerPrioritizable.swift */ = {isa = PBXFileReference; fileEncoding = 4; lastKnownFileType = sourcecode.swift; path = ConstraintMakerPrioritizable.swift; sourceTree = "<group>"; };
		B48A9A37292FB96500DD7333 /* ConstraintDescription.swift */ = {isa = PBXFileReference; fileEncoding = 4; lastKnownFileType = sourcecode.swift; path = ConstraintDescription.swift; sourceTree = "<group>"; };
		B48A9A38292FB96500DD7333 /* ConstraintAttributes.swift */ = {isa = PBXFileReference; fileEncoding = 4; lastKnownFileType = sourcecode.swift; path = ConstraintAttributes.swift; sourceTree = "<group>"; };
		B48A9A39292FB96500DD7333 /* ConstraintViewDSL.swift */ = {isa = PBXFileReference; fileEncoding = 4; lastKnownFileType = sourcecode.swift; path = ConstraintViewDSL.swift; sourceTree = "<group>"; };
		B48A9A3A292FB96500DD7333 /* ConstraintPriorityTarget.swift */ = {isa = PBXFileReference; fileEncoding = 4; lastKnownFileType = sourcecode.swift; path = ConstraintPriorityTarget.swift; sourceTree = "<group>"; };
		B48A9A3B292FB96500DD7333 /* ConstraintInsets.swift */ = {isa = PBXFileReference; fileEncoding = 4; lastKnownFileType = sourcecode.swift; path = ConstraintInsets.swift; sourceTree = "<group>"; };
		B48A9A3C292FB96500DD7333 /* ConstraintMakerFinalizable.swift */ = {isa = PBXFileReference; fileEncoding = 4; lastKnownFileType = sourcecode.swift; path = ConstraintMakerFinalizable.swift; sourceTree = "<group>"; };
		B48A9A3D292FB96500DD7333 /* ConstraintDSL.swift */ = {isa = PBXFileReference; fileEncoding = 4; lastKnownFileType = sourcecode.swift; path = ConstraintDSL.swift; sourceTree = "<group>"; };
		B48A9A3E292FB96500DD7333 /* ConstraintMakerExtendable.swift */ = {isa = PBXFileReference; fileEncoding = 4; lastKnownFileType = sourcecode.swift; path = ConstraintMakerExtendable.swift; sourceTree = "<group>"; };
		B48A9A3F292FB96500DD7333 /* ConstraintPriority.swift */ = {isa = PBXFileReference; fileEncoding = 4; lastKnownFileType = sourcecode.swift; path = ConstraintPriority.swift; sourceTree = "<group>"; };
		B48A9A40292FB96500DD7333 /* ConstraintInsetTarget.swift */ = {isa = PBXFileReference; fileEncoding = 4; lastKnownFileType = sourcecode.swift; path = ConstraintInsetTarget.swift; sourceTree = "<group>"; };
		B48A9A41292FB96500DD7333 /* ConstraintDirectionalInsetTarget.swift */ = {isa = PBXFileReference; fileEncoding = 4; lastKnownFileType = sourcecode.swift; path = ConstraintDirectionalInsetTarget.swift; sourceTree = "<group>"; };
		B48A9A42292FB96500DD7333 /* ConstraintMakerRelatable+Extensions.swift */ = {isa = PBXFileReference; fileEncoding = 4; lastKnownFileType = sourcecode.swift; path = "ConstraintMakerRelatable+Extensions.swift"; sourceTree = "<group>"; };
		B48A9A43292FB96500DD7333 /* ConstraintConfig.swift */ = {isa = PBXFileReference; fileEncoding = 4; lastKnownFileType = sourcecode.swift; path = ConstraintConfig.swift; sourceTree = "<group>"; };
		B48A9A44292FB96500DD7333 /* UILayoutSupport+Extensions.swift */ = {isa = PBXFileReference; fileEncoding = 4; lastKnownFileType = sourcecode.swift; path = "UILayoutSupport+Extensions.swift"; sourceTree = "<group>"; };
		B48A9A45292FB96500DD7333 /* ConstraintView.swift */ = {isa = PBXFileReference; fileEncoding = 4; lastKnownFileType = sourcecode.swift; path = ConstraintView.swift; sourceTree = "<group>"; };
		B48A9A46292FB96500DD7333 /* ConstraintLayoutGuide.swift */ = {isa = PBXFileReference; fileEncoding = 4; lastKnownFileType = sourcecode.swift; path = ConstraintLayoutGuide.swift; sourceTree = "<group>"; };
		B48A9A47292FB96500DD7333 /* ConstraintLayoutSupport.swift */ = {isa = PBXFileReference; fileEncoding = 4; lastKnownFileType = sourcecode.swift; path = ConstraintLayoutSupport.swift; sourceTree = "<group>"; };
		B48A9A48292FB96500DD7333 /* Typealiases.swift */ = {isa = PBXFileReference; fileEncoding = 4; lastKnownFileType = sourcecode.swift; path = Typealiases.swift; sourceTree = "<group>"; };
		B48A9A49292FB96500DD7333 /* ConstraintConstantTarget.swift */ = {isa = PBXFileReference; fileEncoding = 4; lastKnownFileType = sourcecode.swift; path = ConstraintConstantTarget.swift; sourceTree = "<group>"; };
		B48A9A4A292FB96500DD7333 /* ConstraintOffsetTarget.swift */ = {isa = PBXFileReference; fileEncoding = 4; lastKnownFileType = sourcecode.swift; path = ConstraintOffsetTarget.swift; sourceTree = "<group>"; };
		B48A9A4B292FB96500DD7333 /* ConstraintMakerEditable.swift */ = {isa = PBXFileReference; fileEncoding = 4; lastKnownFileType = sourcecode.swift; path = ConstraintMakerEditable.swift; sourceTree = "<group>"; };
		B48A9A4C292FB96500DD7333 /* ConstraintMaker.swift */ = {isa = PBXFileReference; fileEncoding = 4; lastKnownFileType = sourcecode.swift; path = ConstraintMaker.swift; sourceTree = "<group>"; };
		B48A9A4D292FB96500DD7333 /* ConstraintRelation.swift */ = {isa = PBXFileReference; fileEncoding = 4; lastKnownFileType = sourcecode.swift; path = ConstraintRelation.swift; sourceTree = "<group>"; };
		B48A9A4E292FB96500DD7333 /* ConstraintLayoutGuideDSL.swift */ = {isa = PBXFileReference; fileEncoding = 4; lastKnownFileType = sourcecode.swift; path = ConstraintLayoutGuideDSL.swift; sourceTree = "<group>"; };
		B48A9A4F292FB96500DD7333 /* ConstraintView+Extensions.swift */ = {isa = PBXFileReference; fileEncoding = 4; lastKnownFileType = sourcecode.swift; path = "ConstraintView+Extensions.swift"; sourceTree = "<group>"; };
		B48A9A50292FB96500DD7333 /* ConstraintItem.swift */ = {isa = PBXFileReference; fileEncoding = 4; lastKnownFileType = sourcecode.swift; path = ConstraintItem.swift; sourceTree = "<group>"; };
		B48A9A51292FB96500DD7333 /* Constraint.swift */ = {isa = PBXFileReference; fileEncoding = 4; lastKnownFileType = sourcecode.swift; path = Constraint.swift; sourceTree = "<group>"; };
		B48A9A52292FB96500DD7333 /* Debugging.swift */ = {isa = PBXFileReference; fileEncoding = 4; lastKnownFileType = sourcecode.swift; path = Debugging.swift; sourceTree = "<group>"; };
		B48A9A53292FB96500DD7333 /* ConstraintRelatableTarget.swift */ = {isa = PBXFileReference; fileEncoding = 4; lastKnownFileType = sourcecode.swift; path = ConstraintRelatableTarget.swift; sourceTree = "<group>"; };
		B48A9A54292FB96500DD7333 /* LayoutConstraint.swift */ = {isa = PBXFileReference; fileEncoding = 4; lastKnownFileType = sourcecode.swift; path = LayoutConstraint.swift; sourceTree = "<group>"; };
		B48A9A55292FB96500DD7333 /* ConstraintLayoutGuide+Extensions.swift */ = {isa = PBXFileReference; fileEncoding = 4; lastKnownFileType = sourcecode.swift; path = "ConstraintLayoutGuide+Extensions.swift"; sourceTree = "<group>"; };
		B48A9A56292FB96500DD7333 /* ConstraintDirectionalInsets.swift */ = {isa = PBXFileReference; fileEncoding = 4; lastKnownFileType = sourcecode.swift; path = ConstraintDirectionalInsets.swift; sourceTree = "<group>"; };
		B48A9A57292FB96500DD7333 /* ConstraintLayoutSupportDSL.swift */ = {isa = PBXFileReference; fileEncoding = 4; lastKnownFileType = sourcecode.swift; path = ConstraintLayoutSupportDSL.swift; sourceTree = "<group>"; };
		B48A9A58292FB96500DD7333 /* ConstraintMakerRelatable.swift */ = {isa = PBXFileReference; fileEncoding = 4; lastKnownFileType = sourcecode.swift; path = ConstraintMakerRelatable.swift; sourceTree = "<group>"; };
		B48BC71C281D074E0093D91F /* XYDevTool.app */ = {isa = PBXFileReference; explicitFileType = wrapper.application; includeInIndex = 0; path = XYDevTool.app; sourceTree = BUILT_PRODUCTS_DIR; };
		B48BC71F281D074E0093D91F /* AppDelegate.swift */ = {isa = PBXFileReference; lastKnownFileType = sourcecode.swift; path = AppDelegate.swift; sourceTree = "<group>"; };
		B48BC721281D074E0093D91F /* ViewController.swift */ = {isa = PBXFileReference; lastKnownFileType = sourcecode.swift; path = ViewController.swift; sourceTree = "<group>"; };
		B48BC723281D07500093D91F /* Assets.xcassets */ = {isa = PBXFileReference; lastKnownFileType = folder.assetcatalog; path = Assets.xcassets; sourceTree = "<group>"; };
		B48BC726281D07500093D91F /* Base */ = {isa = PBXFileReference; lastKnownFileType = file.storyboard; name = Base; path = Base.lproj/Main.storyboard; sourceTree = "<group>"; };
		B48BC728281D07500093D91F /* XYDevTool.entitlements */ = {isa = PBXFileReference; lastKnownFileType = text.plist.entitlements; path = XYDevTool.entitlements; sourceTree = "<group>"; };
		B48BC72E281D09790093D91F /* Json2ModelVC.swift */ = {isa = PBXFileReference; lastKnownFileType = sourcecode.swift; path = Json2ModelVC.swift; sourceTree = "<group>"; };
		B4933E1B28242FF400E7845E /* JsonFormatterVC.swift */ = {isa = PBXFileReference; lastKnownFileType = sourcecode.swift; path = JsonFormatterVC.swift; sourceTree = "<group>"; };
		B4933E1F282433EC00E7845E /* JSONFormatter.storyboard */ = {isa = PBXFileReference; lastKnownFileType = file.storyboard; path = JSONFormatter.storyboard; sourceTree = "<group>"; };
		B4A3AD5C28214876001FD2B3 /* XYDevFunctions.swift */ = {isa = PBXFileReference; lastKnownFileType = sourcecode.swift; path = XYDevFunctions.swift; sourceTree = "<group>"; };
		B4A3AD9B28217171001FD2B3 /* ios_icon.sh */ = {isa = PBXFileReference; fileEncoding = 4; lastKnownFileType = text.script.sh; path = ios_icon.sh; sourceTree = "<group>"; };
		B4A3AD9E282172DC001FD2B3 /* Contents.json */ = {isa = PBXFileReference; fileEncoding = 4; lastKnownFileType = text.json; path = Contents.json; sourceTree = "<group>"; };
		B4A3ADA228217342001FD2B3 /* Model.swift */ = {isa = PBXFileReference; fileEncoding = 4; lastKnownFileType = sourcecode.swift; path = Model.swift; sourceTree = "<group>"; };
		B4A3ADA428217342001FD2B3 /* KeyedDecodingContainer.swift */ = {isa = PBXFileReference; fileEncoding = 4; lastKnownFileType = sourcecode.swift; path = KeyedDecodingContainer.swift; sourceTree = "<group>"; };
		B4A3ADA528217342001FD2B3 /* Model+Decodable.swift */ = {isa = PBXFileReference; fileEncoding = 4; lastKnownFileType = sourcecode.swift; path = "Model+Decodable.swift"; sourceTree = "<group>"; };
		B4A3ADA628217342001FD2B3 /* JSONDecoder.swift */ = {isa = PBXFileReference; fileEncoding = 4; lastKnownFileType = sourcecode.swift; path = JSONDecoder.swift; sourceTree = "<group>"; };
		B4A3ADA728217342001FD2B3 /* Box.swift */ = {isa = PBXFileReference; fileEncoding = 4; lastKnownFileType = sourcecode.swift; path = Box.swift; sourceTree = "<group>"; };
		B4A3ADA828217342001FD2B3 /* AnyCodingKey.swift */ = {isa = PBXFileReference; fileEncoding = 4; lastKnownFileType = sourcecode.swift; path = AnyCodingKey.swift; sourceTree = "<group>"; };
		B4A3ADA928217342001FD2B3 /* DefaultValue.swift */ = {isa = PBXFileReference; fileEncoding = 4; lastKnownFileType = sourcecode.swift; path = DefaultValue.swift; sourceTree = "<group>"; };
		B4A3ADAA28217342001FD2B3 /* Transform.swift */ = {isa = PBXFileReference; fileEncoding = 4; lastKnownFileType = sourcecode.swift; path = Transform.swift; sourceTree = "<group>"; };
		B4A3B066281D66CB00C34DD8 /* json2model.js */ = {isa = PBXFileReference; fileEncoding = 4; lastKnownFileType = sourcecode.javascript; path = json2model.js; sourceTree = "<group>"; };
		B4A3B068281E682E00C34DD8 /* CreateMacIcons.swift */ = {isa = PBXFileReference; lastKnownFileType = sourcecode.swift; path = CreateMacIcons.swift; sourceTree = "<group>"; };
		B4A3B06B281EC26500C34DD8 /* script.sh */ = {isa = PBXFileReference; fileEncoding = 4; lastKnownFileType = text.script.sh; path = script.sh; sourceTree = "<group>"; };
		B4A3B06C281EC26500C34DD8 /* script.pl */ = {isa = PBXFileReference; fileEncoding = 4; lastKnownFileType = text.script.perl; path = script.pl; sourceTree = "<group>"; };
		B4A3B06F281EC5D000C34DD8 /* mac_icon.sh */ = {isa = PBXFileReference; fileEncoding = 4; lastKnownFileType = text.script.sh; path = mac_icon.sh; sourceTree = "<group>"; };
		B4A3B072281EC72600C34DD8 /* STPrivilegedTask.h */ = {isa = PBXFileReference; fileEncoding = 4; lastKnownFileType = sourcecode.c.h; path = STPrivilegedTask.h; sourceTree = "<group>"; };
		B4A3B073281EC72600C34DD8 /* STPrivilegedTask.m */ = {isa = PBXFileReference; fileEncoding = 4; lastKnownFileType = sourcecode.c.objc; path = STPrivilegedTask.m; sourceTree = "<group>"; };
		B4A3B07A281EC7E300C34DD8 /* XYDevTool-Bridging-Header.h */ = {isa = PBXFileReference; lastKnownFileType = sourcecode.c.h; path = "XYDevTool-Bridging-Header.h"; sourceTree = "<group>"; };
		B4C374E0285F688400266440 /* Tools.swift */ = {isa = PBXFileReference; lastKnownFileType = sourcecode.swift; path = Tools.swift; sourceTree = "<group>"; };
		B4CC2CBA2C67D5BA000F4F16 /* Dictionary+XYAdd.swift */ = {isa = PBXFileReference; lastKnownFileType = sourcecode.swift; path = "Dictionary+XYAdd.swift"; sourceTree = "<group>"; };
		B4D23BC8283D1A620081F400 /* NSTextView+LineNumberRulerView.swift */ = {isa = PBXFileReference; lastKnownFileType = sourcecode.swift; path = "NSTextView+LineNumberRulerView.swift"; sourceTree = "<group>"; };
		B4DA90762C2C2805000A6667 /* NetworkPanelView.swift */ = {isa = PBXFileReference; lastKnownFileType = sourcecode.swift; path = NetworkPanelView.swift; sourceTree = "<group>"; };
		B4DA90792C2C2D3C000A6667 /* PanelTopView.swift */ = {isa = PBXFileReference; lastKnownFileType = sourcecode.swift; path = PanelTopView.swift; sourceTree = "<group>"; };
		B4DA907B2C2C4375000A6667 /* NetworkDataModel.swift */ = {isa = PBXFileReference; lastKnownFileType = sourcecode.swift; path = NetworkDataModel.swift; sourceTree = "<group>"; };
		B4DA907D2C2C4BDE000A6667 /* PanelHistoryView.swift */ = {isa = PBXFileReference; lastKnownFileType = sourcecode.swift; path = PanelHistoryView.swift; sourceTree = "<group>"; };
		B4DA907F2C2C4C1C000A6667 /* PanelRequestView.swift */ = {isa = PBXFileReference; lastKnownFileType = sourcecode.swift; path = PanelRequestView.swift; sourceTree = "<group>"; };
		B4DA90812C2C4C31000A6667 /* PanelResponceView.swift */ = {isa = PBXFileReference; lastKnownFileType = sourcecode.swift; path = PanelResponceView.swift; sourceTree = "<group>"; };
		B4DA90832C2C4C46000A6667 /* PanelStatusView.swift */ = {isa = PBXFileReference; lastKnownFileType = sourcecode.swift; path = PanelStatusView.swift; sourceTree = "<group>"; };
		B4DB4B9F283936AC00AF654D /* UpgradeViewController.swift */ = {isa = PBXFileReference; lastKnownFileType = sourcecode.swift; path = UpgradeViewController.swift; sourceTree = "<group>"; };
		B4DB4BA0283936AC00AF654D /* UpgradeViewController.xib */ = {isa = PBXFileReference; lastKnownFileType = file.xib; path = UpgradeViewController.xib; sourceTree = "<group>"; };
		B4EC92CB29533F66005FC62E /* NetResquestController.swift */ = {isa = PBXFileReference; lastKnownFileType = sourcecode.swift; path = NetResquestController.swift; sourceTree = "<group>"; };
		B4EC92CC29533F66005FC62E /* NetResquestController.xib */ = {isa = PBXFileReference; lastKnownFileType = file.xib; path = NetResquestController.xib; sourceTree = "<group>"; };
		B4EC92CF2954A526005FC62E /* NSView+XYDev.swift */ = {isa = PBXFileReference; lastKnownFileType = sourcecode.swift; path = "NSView+XYDev.swift"; sourceTree = "<group>"; };
		B4EC92D229560361005FC62E /* TopView.swift */ = {isa = PBXFileReference; lastKnownFileType = sourcecode.swift; path = TopView.swift; sourceTree = "<group>"; };
		B4EC92D429560392005FC62E /* LeftView.swift */ = {isa = PBXFileReference; lastKnownFileType = sourcecode.swift; path = LeftView.swift; sourceTree = "<group>"; };
		B4F61DBE282A3E18006FAC35 /* JSON2Model.storyboard */ = {isa = PBXFileReference; lastKnownFileType = file.storyboard; path = JSON2Model.storyboard; sourceTree = "<group>"; };
		B4F61DC0282A9B78006FAC35 /* CreateMacIcons.storyboard */ = {isa = PBXFileReference; lastKnownFileType = file.storyboard; path = CreateMacIcons.storyboard; sourceTree = "<group>"; };
		B4F61DC3282AA276006FAC35 /* Network.storyboard */ = {isa = PBXFileReference; lastKnownFileType = file.storyboard; path = Network.storyboard; sourceTree = "<group>"; };
		B4F61DC7282ABCAD006FAC35 /* XYNetTool.swift */ = {isa = PBXFileReference; fileEncoding = 4; lastKnownFileType = sourcecode.swift; path = XYNetTool.swift; sourceTree = "<group>"; };
		B4F61DC9282AC4CD006FAC35 /* Info.plist */ = {isa = PBXFileReference; lastKnownFileType = text.plist; path = Info.plist; sourceTree = "<group>"; };
		BE66A9582DA5316400EF6D1C /* ImageInspector.swift */ = {isa = PBXFileReference; lastKnownFileType = sourcecode.swift; path = ImageInspector.swift; sourceTree = "<group>"; };
		CA6AF161DDDF8C3A49BF6B5E /* Pods-XYDevTool.debug.xcconfig */ = {isa = PBXFileReference; includeInIndex = 1; lastKnownFileType = text.xcconfig; name = "Pods-XYDevTool.debug.xcconfig"; path = "Target Support Files/Pods-XYDevTool/Pods-XYDevTool.debug.xcconfig"; sourceTree = "<group>"; };
/* End PBXFileReference section */

/* Begin PBXFrameworksBuildPhase section */
		B48BC719281D074E0093D91F /* Frameworks */ = {
			isa = PBXFrameworksBuildPhase;
			buildActionMask = 2147483647;
			files = (
				C40F6CEA7546C13C8E23D087 /* Pods_XYDevTool.framework in Frameworks */,
			);
			runOnlyForDeploymentPostprocessing = 0;
		};
/* End PBXFrameworksBuildPhase section */

/* Begin PBXGroup section */
		25E23B6A795AEC2B3775538B /* Pods */ = {
			isa = PBXGroup;
			children = (
				CA6AF161DDDF8C3A49BF6B5E /* Pods-XYDevTool.debug.xcconfig */,
				975D17A7F6E8691978F8836B /* Pods-XYDevTool.release.xcconfig */,
			);
			path = Pods;
			sourceTree = "<group>";
		};
		8EF0CD2C281666977082943C /* Frameworks */ = {
			isa = PBXGroup;
			children = (
				392AAC5048AEA8AA9E51833E /* Pods_XYDevTool.framework */,
			);
			name = Frameworks;
			sourceTree = "<group>";
		};
		B424ED502CAAEACF00B02C3E /* SwiftUIViews */ = {
			isa = PBXGroup;
			children = (
				B424ED512CAAEB0E00B02C3E /* JSONFormatterView.swift */,
				B424ED532CAAECAA00B02C3E /* JSONFormatterFunctionsView.swift */,
			);
			path = SwiftUIViews;
			sourceTree = "<group>";
		};
		B424ED5F2CB4456800B02C3E /* CustomServer */ = {
			isa = PBXGroup;
			children = (
				B424ED602CB445B500B02C3E /* CustomServerView.swift */,
			);
			path = CustomServer;
			sourceTree = "<group>";
		};
		B43606222957F34A005A06A9 /* Protocols */ = {
			isa = PBXGroup;
			children = (
				B43606232957F381005A06A9 /* BaseDataProtocol.swift */,
			);
			path = Protocols;
			sourceTree = "<group>";
		};
		B454C7882837DF04008F07B7 /* Upgrade */ = {
			isa = PBXGroup;
			children = (
				B454C7892837DF30008F07B7 /* UpgradeUtils.swift */,
				B4DB4B9F283936AC00AF654D /* UpgradeViewController.swift */,
				B4DB4BA0283936AC00AF654D /* UpgradeViewController.xib */,
			);
			path = Upgrade;
			sourceTree = "<group>";
		};
		B46CEDBD2CCFB62100C5EDCC /* CodeMirrorSite */ = {
			isa = PBXGroup;
			children = (
				B46CEDBB2CCFB2AD00C5EDCC /* index.html */,
			);
			path = CodeMirrorSite;
			sourceTree = "<group>";
		};
		B48A9A30292FB96500DD7333 /* SnapKit */ = {
			isa = PBXGroup;
			children = (
				B48A9A31292FB96500DD7333 /* LICENSE */,
				B48A9A32292FB96500DD7333 /* README.md */,
				B48A9A33292FB96500DD7333 /* Sources */,
			);
			path = SnapKit;
			sourceTree = "<group>";
		};
		B48A9A33292FB96500DD7333 /* Sources */ = {
			isa = PBXGroup;
			children = (
				B48A9A34292FB96500DD7333 /* ConstraintMultiplierTarget.swift */,
				B48A9A35292FB96500DD7333 /* LayoutConstraintItem.swift */,
				B48A9A36292FB96500DD7333 /* ConstraintMakerPrioritizable.swift */,
				B48A9A37292FB96500DD7333 /* ConstraintDescription.swift */,
				B48A9A38292FB96500DD7333 /* ConstraintAttributes.swift */,
				B48A9A39292FB96500DD7333 /* ConstraintViewDSL.swift */,
				B48A9A3A292FB96500DD7333 /* ConstraintPriorityTarget.swift */,
				B48A9A3B292FB96500DD7333 /* ConstraintInsets.swift */,
				B48A9A3C292FB96500DD7333 /* ConstraintMakerFinalizable.swift */,
				B48A9A3D292FB96500DD7333 /* ConstraintDSL.swift */,
				B48A9A3E292FB96500DD7333 /* ConstraintMakerExtendable.swift */,
				B48A9A3F292FB96500DD7333 /* ConstraintPriority.swift */,
				B48A9A40292FB96500DD7333 /* ConstraintInsetTarget.swift */,
				B48A9A41292FB96500DD7333 /* ConstraintDirectionalInsetTarget.swift */,
				B48A9A42292FB96500DD7333 /* ConstraintMakerRelatable+Extensions.swift */,
				B48A9A43292FB96500DD7333 /* ConstraintConfig.swift */,
				B48A9A44292FB96500DD7333 /* UILayoutSupport+Extensions.swift */,
				B48A9A45292FB96500DD7333 /* ConstraintView.swift */,
				B48A9A46292FB96500DD7333 /* ConstraintLayoutGuide.swift */,
				B48A9A47292FB96500DD7333 /* ConstraintLayoutSupport.swift */,
				B48A9A48292FB96500DD7333 /* Typealiases.swift */,
				B48A9A49292FB96500DD7333 /* ConstraintConstantTarget.swift */,
				B48A9A4A292FB96500DD7333 /* ConstraintOffsetTarget.swift */,
				B48A9A4B292FB96500DD7333 /* ConstraintMakerEditable.swift */,
				B48A9A4C292FB96500DD7333 /* ConstraintMaker.swift */,
				B48A9A4D292FB96500DD7333 /* ConstraintRelation.swift */,
				B48A9A4E292FB96500DD7333 /* ConstraintLayoutGuideDSL.swift */,
				B48A9A4F292FB96500DD7333 /* ConstraintView+Extensions.swift */,
				B48A9A50292FB96500DD7333 /* ConstraintItem.swift */,
				B48A9A51292FB96500DD7333 /* Constraint.swift */,
				B48A9A52292FB96500DD7333 /* Debugging.swift */,
				B48A9A53292FB96500DD7333 /* ConstraintRelatableTarget.swift */,
				B48A9A54292FB96500DD7333 /* LayoutConstraint.swift */,
				B48A9A55292FB96500DD7333 /* ConstraintLayoutGuide+Extensions.swift */,
				B48A9A56292FB96500DD7333 /* ConstraintDirectionalInsets.swift */,
				B48A9A57292FB96500DD7333 /* ConstraintLayoutSupportDSL.swift */,
				B48A9A58292FB96500DD7333 /* ConstraintMakerRelatable.swift */,
			);
			path = Sources;
			sourceTree = "<group>";
		};
		B48BC713281D074E0093D91F = {
			isa = PBXGroup;
			children = (
				B48BC71E281D074E0093D91F /* XYDevTool */,
				B48BC71D281D074E0093D91F /* Products */,
				25E23B6A795AEC2B3775538B /* Pods */,
				8EF0CD2C281666977082943C /* Frameworks */,
			);
			sourceTree = "<group>";
		};
		B48BC71D281D074E0093D91F /* Products */ = {
			isa = PBXGroup;
			children = (
				B48BC71C281D074E0093D91F /* XYDevTool.app */,
			);
			name = Products;
			sourceTree = "<group>";
		};
		B48BC71E281D074E0093D91F /* XYDevTool */ = {
			isa = PBXGroup;
			children = (
				B4F61DC9282AC4CD006FAC35 /* Info.plist */,
				B4F61DBB282A3C46006FAC35 /* Resource */,
				B4A3ADA028217310001FD2B3 /* Third */,
				B4F61DBA282A3C27006FAC35 /* FEATURES */,
				B4D23BC7283D1A400081F400 /* Extensions */,
				B43606222957F34A005A06A9 /* Protocols */,
				B48BC71F281D074E0093D91F /* AppDelegate.swift */,
				B48BC721281D074E0093D91F /* ViewController.swift */,
				B4A3AD5C28214876001FD2B3 /* XYDevFunctions.swift */,
				B471DB93282BE39E002146A1 /* XYAlert.swift */,
				B471DB95282BE3BE002146A1 /* XYAlert.xib */,
				B4A3B07A281EC7E300C34DD8 /* XYDevTool-Bridging-Header.h */,
				B48BC723281D07500093D91F /* Assets.xcassets */,
				B48BC725281D07500093D91F /* Main.storyboard */,
				B48BC728281D07500093D91F /* XYDevTool.entitlements */,
			);
			path = XYDevTool;
			sourceTree = "<group>";
		};
		B4A3AD9D28217247001FD2B3 /* json */ = {
			isa = PBXGroup;
			children = (
				B4A3AD9E282172DC001FD2B3 /* Contents.json */,
			);
			path = json;
			sourceTree = "<group>";
		};
		B4A3ADA028217310001FD2B3 /* Third */ = {
			isa = PBXGroup;
			children = (
				B48A9A30292FB96500DD7333 /* SnapKit */,
				B4A3ADA128217342001FD2B3 /* Modelable */,
				B4A3B071281EC72600C34DD8 /* PrivilegedTask */,
			);
			path = Third;
			sourceTree = "<group>";
		};
		B4A3ADA128217342001FD2B3 /* Modelable */ = {
			isa = PBXGroup;
			children = (
				B4A3ADA228217342001FD2B3 /* Model.swift */,
				B4A3ADA328217342001FD2B3 /* Decoder */,
				B4A3ADA928217342001FD2B3 /* DefaultValue.swift */,
				B4A3ADAA28217342001FD2B3 /* Transform.swift */,
			);
			path = Modelable;
			sourceTree = "<group>";
		};
		B4A3ADA328217342001FD2B3 /* Decoder */ = {
			isa = PBXGroup;
			children = (
				B4A3ADA428217342001FD2B3 /* KeyedDecodingContainer.swift */,
				B4A3ADA528217342001FD2B3 /* Model+Decodable.swift */,
				B4A3ADA628217342001FD2B3 /* JSONDecoder.swift */,
				B4A3ADA728217342001FD2B3 /* Box.swift */,
				B4A3ADA828217342001FD2B3 /* AnyCodingKey.swift */,
			);
			path = Decoder;
			sourceTree = "<group>";
		};
		B4A3B065281D66CB00C34DD8 /* js */ = {
			isa = PBXGroup;
			children = (
				B4A3B066281D66CB00C34DD8 /* json2model.js */,
			);
			path = js;
			sourceTree = "<group>";
		};
		B4A3B06A281EC16C00C34DD8 /* sh */ = {
			isa = PBXGroup;
			children = (
				B4A3AD9B28217171001FD2B3 /* ios_icon.sh */,
				B4A3B06F281EC5D000C34DD8 /* mac_icon.sh */,
				B4A3B06C281EC26500C34DD8 /* script.pl */,
				B4A3B06B281EC26500C34DD8 /* script.sh */,
			);
			path = sh;
			sourceTree = "<group>";
		};
		B4A3B071281EC72600C34DD8 /* PrivilegedTask */ = {
			isa = PBXGroup;
			children = (
				B4A3B072281EC72600C34DD8 /* STPrivilegedTask.h */,
				B4A3B073281EC72600C34DD8 /* STPrivilegedTask.m */,
			);
			path = PrivilegedTask;
			sourceTree = "<group>";
		};
		B4D23BC7283D1A400081F400 /* Extensions */ = {
			isa = PBXGroup;
			children = (
				B4D23BC8283D1A620081F400 /* NSTextView+LineNumberRulerView.swift */,
				B40376D0284DFB1E00284AE0 /* String+XYDev.swift */,
				B4C374E0285F688400266440 /* Tools.swift */,
				B4EC92CF2954A526005FC62E /* NSView+XYDev.swift */,
				B4CC2CBA2C67D5BA000F4F16 /* Dictionary+XYAdd.swift */,
			);
			path = Extensions;
			sourceTree = "<group>";
		};
		B4DA90782C2C2CF7000A6667 /* SwiftUIViews */ = {
			isa = PBXGroup;
			children = (
				B4DA90762C2C2805000A6667 /* NetworkPanelView.swift */,
				B4DA90792C2C2D3C000A6667 /* PanelTopView.swift */,
				B4DA907D2C2C4BDE000A6667 /* PanelHistoryView.swift */,
				B4DA907F2C2C4C1C000A6667 /* PanelRequestView.swift */,
				B4DA90812C2C4C31000A6667 /* PanelResponceView.swift */,
				B4DA90832C2C4C46000A6667 /* PanelStatusView.swift */,
				B418953F2C66742100C8CC86 /* CustomTextEditor.swift */,
				B41895772C667C5400C8CC86 /* VDividerView.swift */,
				B41895792C667E1B00C8CC86 /* HDividerView.swift */,
				B424ED4E2CA7087300B02C3E /* PanelSettingsView.swift */,
			);
			path = SwiftUIViews;
			sourceTree = "<group>";
		};
		B4EC92D1295602F9005FC62E /* View */ = {
			isa = PBXGroup;
			children = (
				B4EC92D229560361005FC62E /* TopView.swift */,
				B4EC92D429560392005FC62E /* LeftView.swift */,
			);
			path = View;
			sourceTree = "<group>";
		};
		B4F61DB9282A3C08006FAC35 /* JSONFormatter */ = {
			isa = PBXGroup;
			children = (
				B424ED502CAAEACF00B02C3E /* SwiftUIViews */,
				B4933E1F282433EC00E7845E /* JSONFormatter.storyboard */,
				B4933E1B28242FF400E7845E /* JsonFormatterVC.swift */,
			);
			path = JSONFormatter;
			sourceTree = "<group>";
		};
		B4F61DBA282A3C27006FAC35 /* FEATURES */ = {
			isa = PBXGroup;
			children = (
				BE66A95A2DA5316A00EF6D1C /* ImageInspector */,
				B424ED5F2CB4456800B02C3E /* CustomServer */,
				B454C7882837DF04008F07B7 /* Upgrade */,
				B4F61DC2282AA189006FAC35 /* Network */,
				B4F61DBD282A3DA7006FAC35 /* CreateIcons */,
				B4F61DBC282A3D73006FAC35 /* JSON2Model */,
				B4F61DB9282A3C08006FAC35 /* JSONFormatter */,
			);
			path = FEATURES;
			sourceTree = "<group>";
		};
		B4F61DBB282A3C46006FAC35 /* Resource */ = {
			isa = PBXGroup;
			children = (
				B46CEDBD2CCFB62100C5EDCC /* CodeMirrorSite */,
				B4A3AD9D28217247001FD2B3 /* json */,
				B4A3B06A281EC16C00C34DD8 /* sh */,
				B4A3B065281D66CB00C34DD8 /* js */,
			);
			path = Resource;
			sourceTree = "<group>";
		};
		B4F61DBC282A3D73006FAC35 /* JSON2Model */ = {
			isa = PBXGroup;
			children = (
				B48BC72E281D09790093D91F /* Json2ModelVC.swift */,
				B4F61DBE282A3E18006FAC35 /* JSON2Model.storyboard */,
			);
			path = JSON2Model;
			sourceTree = "<group>";
		};
		B4F61DBD282A3DA7006FAC35 /* CreateIcons */ = {
			isa = PBXGroup;
			children = (
				B4A3B068281E682E00C34DD8 /* CreateMacIcons.swift */,
				B4F61DC0282A9B78006FAC35 /* CreateMacIcons.storyboard */,
			);
			path = CreateIcons;
			sourceTree = "<group>";
		};
		B4F61DC2282AA189006FAC35 /* Network */ = {
			isa = PBXGroup;
			children = (
				B4DA907B2C2C4375000A6667 /* NetworkDataModel.swift */,
				B4DA90782C2C2CF7000A6667 /* SwiftUIViews */,
				B4EC92D1295602F9005FC62E /* View */,
				B4F61DC7282ABCAD006FAC35 /* XYNetTool.swift */,
				B4F61DC3282AA276006FAC35 /* Network.storyboard */,
				B471DB91282BAB1F002146A1 /* NetModels.swift */,
				B4EC92CB29533F66005FC62E /* NetResquestController.swift */,
				B4EC92CC29533F66005FC62E /* NetResquestController.xib */,
			);
			path = Network;
			sourceTree = "<group>";
		};
		BE66A95A2DA5316A00EF6D1C /* ImageInspector */ = {
			isa = PBXGroup;
			children = (
				BE66A9582DA5316400EF6D1C /* ImageInspector.swift */,
			);
			path = ImageInspector;
			sourceTree = "<group>";
		};
/* End PBXGroup section */

/* Begin PBXNativeTarget section */
		B48BC71B281D074E0093D91F /* XYDevTool */ = {
			isa = PBXNativeTarget;
			buildConfigurationList = B48BC72B281D07500093D91F /* Build configuration list for PBXNativeTarget "XYDevTool" */;
			buildPhases = (
				16BB273E102EBD9CD5E8DB02 /* [CP] Check Pods Manifest.lock */,
				B48BC718281D074E0093D91F /* Sources */,
				B48BC719281D074E0093D91F /* Frameworks */,
				B48BC71A281D074E0093D91F /* Resources */,
				BAEE2CEDCD4049DBFC0A5F6C /* [CP] Embed Pods Frameworks */,
			);
			buildRules = (
			);
			dependencies = (
			);
			name = XYDevTool;
			productName = XYDevTool;
			productReference = B48BC71C281D074E0093D91F /* XYDevTool.app */;
			productType = "com.apple.product-type.application";
		};
/* End PBXNativeTarget section */

/* Begin PBXProject section */
		B48BC714281D074E0093D91F /* Project object */ = {
			isa = PBXProject;
			attributes = {
				BuildIndependentTargetsInParallel = 1;
				LastSwiftUpdateCheck = 1320;
				LastUpgradeCheck = 1320;
				ORGANIZATIONNAME = XIAOYOU;
				TargetAttributes = {
					B48BC71B281D074E0093D91F = {
						CreatedOnToolsVersion = 13.2.1;
					};
				};
			};
			buildConfigurationList = B48BC717281D074E0093D91F /* Build configuration list for PBXProject "XYDevTool" */;
			compatibilityVersion = "Xcode 13.0";
			developmentRegion = en;
			hasScannedForEncodings = 0;
			knownRegions = (
				en,
				Base,
			);
			mainGroup = B48BC713281D074E0093D91F;
			productRefGroup = B48BC71D281D074E0093D91F /* Products */;
			projectDirPath = "";
			projectRoot = "";
			targets = (
				B48BC71B281D074E0093D91F /* XYDevTool */,
			);
		};
/* End PBXProject section */

/* Begin PBXResourcesBuildPhase section */
		B48BC71A281D074E0093D91F /* Resources */ = {
			isa = PBXResourcesBuildPhase;
			buildActionMask = 2147483647;
			files = (
				B4A3AD9C28217171001FD2B3 /* ios_icon.sh in Resources */,
				B4A3B06E281EC26500C34DD8 /* script.pl in Resources */,
				B4A3B070281EC5D000C34DD8 /* mac_icon.sh in Resources */,
				B46CEDBC2CCFB2AD00C5EDCC /* index.html in Resources */,
				B471DB96282BE3BE002146A1 /* XYAlert.xib in Resources */,
				B4F61DC4282AA276006FAC35 /* Network.storyboard in Resources */,
				B4EC92CE29533F66005FC62E /* NetResquestController.xib in Resources */,
				B4F61DC1282A9B78006FAC35 /* CreateMacIcons.storyboard in Resources */,
				B48A9A5A292FB96500DD7333 /* README.md in Resources */,
				B4F61DBF282A3E18006FAC35 /* JSON2Model.storyboard in Resources */,
				B4DB4BA2283936AC00AF654D /* UpgradeViewController.xib in Resources */,
				B4A3AD9F282172DC001FD2B3 /* Contents.json in Resources */,
				B48A9A59292FB96500DD7333 /* LICENSE in Resources */,
				B4933E20282433EC00E7845E /* JSONFormatter.storyboard in Resources */,
				B48BC724281D07500093D91F /* Assets.xcassets in Resources */,
				B4A3B067281D66CB00C34DD8 /* json2model.js in Resources */,
				B48BC727281D07500093D91F /* Main.storyboard in Resources */,
				B4A3B06D281EC26500C34DD8 /* script.sh in Resources */,
			);
			runOnlyForDeploymentPostprocessing = 0;
		};
/* End PBXResourcesBuildPhase section */

/* Begin PBXShellScriptBuildPhase section */
		16BB273E102EBD9CD5E8DB02 /* [CP] Check Pods Manifest.lock */ = {
			isa = PBXShellScriptBuildPhase;
			buildActionMask = 2147483647;
			files = (
			);
			inputFileListPaths = (
			);
			inputPaths = (
				"${PODS_PODFILE_DIR_PATH}/Podfile.lock",
				"${PODS_ROOT}/Manifest.lock",
			);
			name = "[CP] Check Pods Manifest.lock";
			outputFileListPaths = (
			);
			outputPaths = (
				"$(DERIVED_FILE_DIR)/Pods-XYDevTool-checkManifestLockResult.txt",
			);
			runOnlyForDeploymentPostprocessing = 0;
			shellPath = /bin/sh;
			shellScript = "diff \"${PODS_PODFILE_DIR_PATH}/Podfile.lock\" \"${PODS_ROOT}/Manifest.lock\" > /dev/null\nif [ $? != 0 ] ; then\n    # print error to STDERR\n    echo \"error: The sandbox is not in sync with the Podfile.lock. Run 'pod install' or update your CocoaPods installation.\" >&2\n    exit 1\nfi\n# This output is used by Xcode 'outputs' to avoid re-running this script phase.\necho \"SUCCESS\" > \"${SCRIPT_OUTPUT_FILE_0}\"\n";
			showEnvVarsInLog = 0;
		};
		BAEE2CEDCD4049DBFC0A5F6C /* [CP] Embed Pods Frameworks */ = {
			isa = PBXShellScriptBuildPhase;
			buildActionMask = 2147483647;
			files = (
			);
			inputFileListPaths = (
				"${PODS_ROOT}/Target Support Files/Pods-XYDevTool/Pods-XYDevTool-frameworks-${CONFIGURATION}-input-files.xcfilelist",
			);
			name = "[CP] Embed Pods Frameworks";
			outputFileListPaths = (
				"${PODS_ROOT}/Target Support Files/Pods-XYDevTool/Pods-XYDevTool-frameworks-${CONFIGURATION}-output-files.xcfilelist",
			);
			runOnlyForDeploymentPostprocessing = 0;
			shellPath = /bin/sh;
			shellScript = "\"${PODS_ROOT}/Target Support Files/Pods-XYDevTool/Pods-XYDevTool-frameworks.sh\"\n";
			showEnvVarsInLog = 0;
		};
/* End PBXShellScriptBuildPhase section */

/* Begin PBXSourcesBuildPhase section */
		B48BC718281D074E0093D91F /* Sources */ = {
			isa = PBXSourcesBuildPhase;
			buildActionMask = 2147483647;
			files = (
				B4933E1D28242FF400E7845E /* JsonFormatterVC.swift in Sources */,
				B48A9A6B292FB96500DD7333 /* UILayoutSupport+Extensions.swift in Sources */,
				B48A9A5C292FB96500DD7333 /* LayoutConstraintItem.swift in Sources */,
				B48A9A5F292FB96500DD7333 /* ConstraintAttributes.swift in Sources */,
				B48A9A65292FB96500DD7333 /* ConstraintMakerExtendable.swift in Sources */,
				B48A9A7B292FB96500DD7333 /* LayoutConstraint.swift in Sources */,
				B4A3ADAB28217342001FD2B3 /* Model.swift in Sources */,
				B48A9A74292FB96500DD7333 /* ConstraintRelation.swift in Sources */,
				B48A9A7F292FB96500DD7333 /* ConstraintMakerRelatable.swift in Sources */,
				B48A9A63292FB96500DD7333 /* ConstraintMakerFinalizable.swift in Sources */,
				B48A9A75292FB96500DD7333 /* ConstraintLayoutGuideDSL.swift in Sources */,
				B4A3ADAC28217342001FD2B3 /* KeyedDecodingContainer.swift in Sources */,
				B48A9A7A292FB96500DD7333 /* ConstraintRelatableTarget.swift in Sources */,
				B4F61DC8282ABCAD006FAC35 /* XYNetTool.swift in Sources */,
				B424ED522CAAEB0E00B02C3E /* JSONFormatterView.swift in Sources */,
				B48A9A6C292FB96500DD7333 /* ConstraintView.swift in Sources */,
				B4A3ADB028217342001FD2B3 /* AnyCodingKey.swift in Sources */,
				B48A9A7C292FB96500DD7333 /* ConstraintLayoutGuide+Extensions.swift in Sources */,
				B4A3ADAE28217342001FD2B3 /* JSONDecoder.swift in Sources */,
				B40376D1284DFB1E00284AE0 /* String+XYDev.swift in Sources */,
				B48A9A69292FB96500DD7333 /* ConstraintMakerRelatable+Extensions.swift in Sources */,
				B4A3B069281E682E00C34DD8 /* CreateMacIcons.swift in Sources */,
				B48A9A5D292FB96500DD7333 /* ConstraintMakerPrioritizable.swift in Sources */,
				B48A9A78292FB96500DD7333 /* Constraint.swift in Sources */,
				B4DA907E2C2C4BDE000A6667 /* PanelHistoryView.swift in Sources */,
				B48A9A6D292FB96500DD7333 /* ConstraintLayoutGuide.swift in Sources */,
				B48A9A60292FB96500DD7333 /* ConstraintViewDSL.swift in Sources */,
				B418957A2C667E1B00C8CC86 /* HDividerView.swift in Sources */,
				B4DA907A2C2C2D3C000A6667 /* PanelTopView.swift in Sources */,
				B48A9A62292FB96500DD7333 /* ConstraintInsets.swift in Sources */,
				B424ED4F2CA7087300B02C3E /* PanelSettingsView.swift in Sources */,
				B48A9A6E292FB96500DD7333 /* ConstraintLayoutSupport.swift in Sources */,
				B4A3B074281EC72600C34DD8 /* STPrivilegedTask.m in Sources */,
				B48A9A64292FB96500DD7333 /* ConstraintDSL.swift in Sources */,
				B48A9A73292FB96500DD7333 /* ConstraintMaker.swift in Sources */,
				B48A9A68292FB96500DD7333 /* ConstraintDirectionalInsetTarget.swift in Sources */,
				B4D23BC9283D1A620081F400 /* NSTextView+LineNumberRulerView.swift in Sources */,
				B471DB94282BE39E002146A1 /* XYAlert.swift in Sources */,
				B4A3ADB128217342001FD2B3 /* DefaultValue.swift in Sources */,
				B4A3ADAF28217342001FD2B3 /* Box.swift in Sources */,
				B471DB92282BAB1F002146A1 /* NetModels.swift in Sources */,
				B4C374E1285F688400266440 /* Tools.swift in Sources */,
				B4DB4BA1283936AC00AF654D /* UpgradeViewController.swift in Sources */,
				B48A9A5E292FB96500DD7333 /* ConstraintDescription.swift in Sources */,
				B48A9A71292FB96500DD7333 /* ConstraintOffsetTarget.swift in Sources */,
				B4EC92D529560392005FC62E /* LeftView.swift in Sources */,
				B4DA90822C2C4C31000A6667 /* PanelResponceView.swift in Sources */,
				B41895782C667C5400C8CC86 /* VDividerView.swift in Sources */,
				B48A9A79292FB96500DD7333 /* Debugging.swift in Sources */,
				B48A9A6F292FB96500DD7333 /* Typealiases.swift in Sources */,
				B4DA907C2C2C4375000A6667 /* NetworkDataModel.swift in Sources */,
				B48A9A67292FB96500DD7333 /* ConstraintInsetTarget.swift in Sources */,
				B4DA90802C2C4C1C000A6667 /* PanelRequestView.swift in Sources */,
				B424ED542CAAECAA00B02C3E /* JSONFormatterFunctionsView.swift in Sources */,
				B48A9A66292FB96500DD7333 /* ConstraintPriority.swift in Sources */,
				B41895402C66742100C8CC86 /* CustomTextEditor.swift in Sources */,
				B48A9A7E292FB96500DD7333 /* ConstraintLayoutSupportDSL.swift in Sources */,
				B4A3AD5E28214876001FD2B3 /* XYDevFunctions.swift in Sources */,
				B4EC92D329560361005FC62E /* TopView.swift in Sources */,
				B48BC72F281D09790093D91F /* Json2ModelVC.swift in Sources */,
				B48A9A76292FB96500DD7333 /* ConstraintView+Extensions.swift in Sources */,
				B48A9A61292FB96500DD7333 /* ConstraintPriorityTarget.swift in Sources */,
				B48A9A72292FB96500DD7333 /* ConstraintMakerEditable.swift in Sources */,
				B4A3ADB228217342001FD2B3 /* Transform.swift in Sources */,
				B4EC92CD29533F66005FC62E /* NetResquestController.swift in Sources */,
				B48A9A77292FB96500DD7333 /* ConstraintItem.swift in Sources */,
				B48A9A70292FB96500DD7333 /* ConstraintConstantTarget.swift in Sources */,
				BE66A9592DA5316400EF6D1C /* ImageInspector.swift in Sources */,
				B424ED612CB445B500B02C3E /* CustomServerView.swift in Sources */,
				B48A9A7D292FB96500DD7333 /* ConstraintDirectionalInsets.swift in Sources */,
				B48BC722281D074E0093D91F /* ViewController.swift in Sources */,
				B4A3ADAD28217342001FD2B3 /* Model+Decodable.swift in Sources */,
				B48A9A6A292FB96500DD7333 /* ConstraintConfig.swift in Sources */,
				B4EC92D02954A526005FC62E /* NSView+XYDev.swift in Sources */,
				B43606242957F381005A06A9 /* BaseDataProtocol.swift in Sources */,
				B4DA90842C2C4C46000A6667 /* PanelStatusView.swift in Sources */,
				B454C78A2837DF30008F07B7 /* UpgradeUtils.swift in Sources */,
				B4CC2CBB2C67D5BA000F4F16 /* Dictionary+XYAdd.swift in Sources */,
				B48BC720281D074E0093D91F /* AppDelegate.swift in Sources */,
				B4DA90772C2C2805000A6667 /* NetworkPanelView.swift in Sources */,
				B48A9A5B292FB96500DD7333 /* ConstraintMultiplierTarget.swift in Sources */,
			);
			runOnlyForDeploymentPostprocessing = 0;
		};
/* End PBXSourcesBuildPhase section */

/* Begin PBXVariantGroup section */
		B48BC725281D07500093D91F /* Main.storyboard */ = {
			isa = PBXVariantGroup;
			children = (
				B48BC726281D07500093D91F /* Base */,
			);
			name = Main.storyboard;
			sourceTree = "<group>";
		};
/* End PBXVariantGroup section */

/* Begin XCBuildConfiguration section */
		B48BC729281D07500093D91F /* Debug */ = {
			isa = XCBuildConfiguration;
			buildSettings = {
				ALWAYS_SEARCH_USER_PATHS = NO;
				CLANG_ANALYZER_NONNULL = YES;
				CLANG_ANALYZER_NUMBER_OBJECT_CONVERSION = YES_AGGRESSIVE;
				CLANG_CXX_LANGUAGE_STANDARD = "gnu++17";
				CLANG_CXX_LIBRARY = "libc++";
				CLANG_ENABLE_MODULES = YES;
				CLANG_ENABLE_OBJC_ARC = YES;
				CLANG_ENABLE_OBJC_WEAK = YES;
				CLANG_WARN_BLOCK_CAPTURE_AUTORELEASING = YES;
				CLANG_WARN_BOOL_CONVERSION = YES;
				CLANG_WARN_COMMA = YES;
				CLANG_WARN_CONSTANT_CONVERSION = YES;
				CLANG_WARN_DEPRECATED_OBJC_IMPLEMENTATIONS = YES;
				CLANG_WARN_DIRECT_OBJC_ISA_USAGE = YES_ERROR;
				CLANG_WARN_DOCUMENTATION_COMMENTS = YES;
				CLANG_WARN_EMPTY_BODY = YES;
				CLANG_WARN_ENUM_CONVERSION = YES;
				CLANG_WARN_INFINITE_RECURSION = YES;
				CLANG_WARN_INT_CONVERSION = YES;
				CLANG_WARN_NON_LITERAL_NULL_CONVERSION = YES;
				CLANG_WARN_OBJC_IMPLICIT_RETAIN_SELF = YES;
				CLANG_WARN_OBJC_LITERAL_CONVERSION = YES;
				CLANG_WARN_OBJC_ROOT_CLASS = YES_ERROR;
				CLANG_WARN_QUOTED_INCLUDE_IN_FRAMEWORK_HEADER = YES;
				CLANG_WARN_RANGE_LOOP_ANALYSIS = YES;
				CLANG_WARN_STRICT_PROTOTYPES = YES;
				CLANG_WARN_SUSPICIOUS_MOVE = YES;
				CLANG_WARN_UNGUARDED_AVAILABILITY = YES_AGGRESSIVE;
				CLANG_WARN_UNREACHABLE_CODE = YES;
				CLANG_WARN__DUPLICATE_METHOD_MATCH = YES;
				COPY_PHASE_STRIP = NO;
				DEBUG_INFORMATION_FORMAT = dwarf;
				ENABLE_STRICT_OBJC_MSGSEND = YES;
				ENABLE_TESTABILITY = YES;
				GCC_C_LANGUAGE_STANDARD = gnu11;
				GCC_DYNAMIC_NO_PIC = NO;
				GCC_NO_COMMON_BLOCKS = YES;
				GCC_OPTIMIZATION_LEVEL = 0;
				GCC_PREPROCESSOR_DEFINITIONS = (
					"DEBUG=1",
					"$(inherited)",
				);
				GCC_WARN_64_TO_32_BIT_CONVERSION = YES;
				GCC_WARN_ABOUT_RETURN_TYPE = YES_ERROR;
				GCC_WARN_UNDECLARED_SELECTOR = YES;
				GCC_WARN_UNINITIALIZED_AUTOS = YES_AGGRESSIVE;
				GCC_WARN_UNUSED_FUNCTION = YES;
				GCC_WARN_UNUSED_VARIABLE = YES;
				MACOSX_DEPLOYMENT_TARGET = 12.1;
				MTL_ENABLE_DEBUG_INFO = INCLUDE_SOURCE;
				MTL_FAST_MATH = YES;
				ONLY_ACTIVE_ARCH = YES;
				SDKROOT = macosx;
				SWIFT_ACTIVE_COMPILATION_CONDITIONS = DEBUG;
				SWIFT_OPTIMIZATION_LEVEL = "-Onone";
			};
			name = Debug;
		};
		B48BC72A281D07500093D91F /* Release */ = {
			isa = XCBuildConfiguration;
			buildSettings = {
				ALWAYS_SEARCH_USER_PATHS = NO;
				CLANG_ANALYZER_NONNULL = YES;
				CLANG_ANALYZER_NUMBER_OBJECT_CONVERSION = YES_AGGRESSIVE;
				CLANG_CXX_LANGUAGE_STANDARD = "gnu++17";
				CLANG_CXX_LIBRARY = "libc++";
				CLANG_ENABLE_MODULES = YES;
				CLANG_ENABLE_OBJC_ARC = YES;
				CLANG_ENABLE_OBJC_WEAK = YES;
				CLANG_WARN_BLOCK_CAPTURE_AUTORELEASING = YES;
				CLANG_WARN_BOOL_CONVERSION = YES;
				CLANG_WARN_COMMA = YES;
				CLANG_WARN_CONSTANT_CONVERSION = YES;
				CLANG_WARN_DEPRECATED_OBJC_IMPLEMENTATIONS = YES;
				CLANG_WARN_DIRECT_OBJC_ISA_USAGE = YES_ERROR;
				CLANG_WARN_DOCUMENTATION_COMMENTS = YES;
				CLANG_WARN_EMPTY_BODY = YES;
				CLANG_WARN_ENUM_CONVERSION = YES;
				CLANG_WARN_INFINITE_RECURSION = YES;
				CLANG_WARN_INT_CONVERSION = YES;
				CLANG_WARN_NON_LITERAL_NULL_CONVERSION = YES;
				CLANG_WARN_OBJC_IMPLICIT_RETAIN_SELF = YES;
				CLANG_WARN_OBJC_LITERAL_CONVERSION = YES;
				CLANG_WARN_OBJC_ROOT_CLASS = YES_ERROR;
				CLANG_WARN_QUOTED_INCLUDE_IN_FRAMEWORK_HEADER = YES;
				CLANG_WARN_RANGE_LOOP_ANALYSIS = YES;
				CLANG_WARN_STRICT_PROTOTYPES = YES;
				CLANG_WARN_SUSPICIOUS_MOVE = YES;
				CLANG_WARN_UNGUARDED_AVAILABILITY = YES_AGGRESSIVE;
				CLANG_WARN_UNREACHABLE_CODE = YES;
				CLANG_WARN__DUPLICATE_METHOD_MATCH = YES;
				COPY_PHASE_STRIP = NO;
				DEBUG_INFORMATION_FORMAT = "dwarf-with-dsym";
				ENABLE_NS_ASSERTIONS = NO;
				ENABLE_STRICT_OBJC_MSGSEND = YES;
				GCC_C_LANGUAGE_STANDARD = gnu11;
				GCC_NO_COMMON_BLOCKS = YES;
				GCC_WARN_64_TO_32_BIT_CONVERSION = YES;
				GCC_WARN_ABOUT_RETURN_TYPE = YES_ERROR;
				GCC_WARN_UNDECLARED_SELECTOR = YES;
				GCC_WARN_UNINITIALIZED_AUTOS = YES_AGGRESSIVE;
				GCC_WARN_UNUSED_FUNCTION = YES;
				GCC_WARN_UNUSED_VARIABLE = YES;
				MACOSX_DEPLOYMENT_TARGET = 12.1;
				MTL_ENABLE_DEBUG_INFO = NO;
				MTL_FAST_MATH = YES;
				SDKROOT = macosx;
				SWIFT_COMPILATION_MODE = wholemodule;
				SWIFT_OPTIMIZATION_LEVEL = "-O";
			};
			name = Release;
		};
		B48BC72C281D07500093D91F /* Debug */ = {
			isa = XCBuildConfiguration;
			baseConfigurationReference = CA6AF161DDDF8C3A49BF6B5E /* Pods-XYDevTool.debug.xcconfig */;
			buildSettings = {
				ASSETCATALOG_COMPILER_APPICON_NAME = AppIcon;
				ASSETCATALOG_COMPILER_GLOBAL_ACCENT_COLOR_NAME = AccentColor;
				CODE_SIGN_ENTITLEMENTS = XYDevTool/XYDevTool.entitlements;
				CODE_SIGN_IDENTITY = "-";
				CODE_SIGN_STYLE = Manual;
				COMBINE_HIDPI_IMAGES = YES;
				CURRENT_PROJECT_VERSION = 1;
				DEVELOPMENT_TEAM = "";
				ENABLE_HARDENED_RUNTIME = YES;
				GENERATE_INFOPLIST_FILE = YES;
				INFOPLIST_FILE = XYDevTool/Info.plist;
				INFOPLIST_KEY_LSApplicationCategoryType = "public.app-category.developer-tools";
				INFOPLIST_KEY_NSHumanReadableCopyright = "";
				INFOPLIST_KEY_NSMainStoryboardFile = Main;
				INFOPLIST_KEY_NSPrincipalClass = NSApplication;
				LD_RUNPATH_SEARCH_PATHS = (
					"$(inherited)",
					"@executable_path/../Frameworks",
				);
				LIBRARY_SEARCH_PATHS = (
					"$(inherited)",
					"$(PROJECT_DIR)/XYDevTool/Resource/dev-main/node_modules/@rollup/rollup-darwin-x64",
				);
				MACOSX_DEPLOYMENT_TARGET = 14.0;
				MARKETING_VERSION = 1.4.5;
				PRODUCT_BUNDLE_IDENTIFIER = "com.xiaoyou.XYDevTool.no-team";
				PRODUCT_NAME = "$(TARGET_NAME)";
				PROVISIONING_PROFILE_SPECIFIER = "";
				SWIFT_EMIT_LOC_STRINGS = YES;
				SWIFT_OBJC_BRIDGING_HEADER = "XYDevTool/XYDevTool-Bridging-Header.h";
				SWIFT_VERSION = 5.0;
			};
			name = Debug;
		};
		B48BC72D281D07500093D91F /* Release */ = {
			isa = XCBuildConfiguration;
			baseConfigurationReference = 975D17A7F6E8691978F8836B /* Pods-XYDevTool.release.xcconfig */;
			buildSettings = {
				ASSETCATALOG_COMPILER_APPICON_NAME = AppIcon;
				ASSETCATALOG_COMPILER_GLOBAL_ACCENT_COLOR_NAME = AccentColor;
				CODE_SIGN_ENTITLEMENTS = XYDevTool/XYDevTool.entitlements;
				CODE_SIGN_IDENTITY = "-";
				CODE_SIGN_STYLE = Manual;
				COMBINE_HIDPI_IMAGES = YES;
				CURRENT_PROJECT_VERSION = 1;
				DEVELOPMENT_TEAM = "";
				ENABLE_HARDENED_RUNTIME = YES;
				GENERATE_INFOPLIST_FILE = YES;
				INFOPLIST_FILE = XYDevTool/Info.plist;
				INFOPLIST_KEY_LSApplicationCategoryType = "public.app-category.developer-tools";
				INFOPLIST_KEY_NSHumanReadableCopyright = "";
				INFOPLIST_KEY_NSMainStoryboardFile = Main;
				INFOPLIST_KEY_NSPrincipalClass = NSApplication;
				LD_RUNPATH_SEARCH_PATHS = (
					"$(inherited)",
					"@executable_path/../Frameworks",
				);
				LIBRARY_SEARCH_PATHS = (
					"$(inherited)",
					"$(PROJECT_DIR)/XYDevTool/Resource/dev-main/node_modules/@rollup/rollup-darwin-x64",
				);
				MACOSX_DEPLOYMENT_TARGET = 14.0;
				MARKETING_VERSION = 1.4.5;
				PRODUCT_BUNDLE_IDENTIFIER = "com.xiaoyou.XYDevTool.no-team";
				PRODUCT_NAME = "$(TARGET_NAME)";
				PROVISIONING_PROFILE_SPECIFIER = "";
				SWIFT_EMIT_LOC_STRINGS = YES;
				SWIFT_OBJC_BRIDGING_HEADER = "XYDevTool/XYDevTool-Bridging-Header.h";
				SWIFT_VERSION = 5.0;
			};
			name = Release;
		};
/* End XCBuildConfiguration section */

/* Begin XCConfigurationList section */
		B48BC717281D074E0093D91F /* Build configuration list for PBXProject "XYDevTool" */ = {
			isa = XCConfigurationList;
			buildConfigurations = (
				B48BC729281D07500093D91F /* Debug */,
				B48BC72A281D07500093D91F /* Release */,
			);
			defaultConfigurationIsVisible = 0;
			defaultConfigurationName = Release;
		};
		B48BC72B281D07500093D91F /* Build configuration list for PBXNativeTarget "XYDevTool" */ = {
			isa = XCConfigurationList;
			buildConfigurations = (
				B48BC72C281D07500093D91F /* Debug */,
				B48BC72D281D07500093D91F /* Release */,
			);
			defaultConfigurationIsVisible = 0;
			defaultConfigurationName = Release;
		};
/* End XCConfigurationList section */
	};
	rootObject = B48BC714281D074E0093D91F /* Project object */;
}
